<?xml version="1.0" encoding="UTF-8"?>
<Solution>
	<Configurations>
		<BuildType Name="Debug"/>
		<BuildType Name="Release"/>
		<BuildType Name="MinSizeRel"/>
		<BuildType Name="RelWithDebInfo"/>
		<Platform Name="x64"/>
	</Configurations>
	<Project Path="Foundation/Foundation.vcxproj" Type="8bc9ceb8-8b4a-11d0-8d11-00a0c91bc942" Id="dba6d9d4-e0b1-3fab-a50c-9f9b70c2eefe">
		<BuildDependency Project="../../ZERO_CHECK.vcxproj"/>
		<BuildDependency Project="dependencies/pcre2/_BUNDLED_PCRE2.vcxproj"/>
		<BuildDependency Project="dependencies/utf8proc/_BUNDLED_UTF8PROC.vcxproj"/>
		<BuildDependency Project="dependencies/v8_double_conversion/_BUNDLED_V8_DOUBLE_CONVERSION.vcxproj"/>
		<BuildDependency Project="dependencies/quill/quill.vcxproj"/>
		<BuildDependency Project="../SDL_image/external/zlib-build/zlib.vcxproj"/>
	</Project>
	<Project Path="JSON/JSON.vcxproj" Type="8bc9ceb8-8b4a-11d0-8d11-00a0c91bc942" Id="4df6a860-1670-3598-afe0-f1bef5465222">
		<BuildDependency Project="Foundation/Foundation.vcxproj"/>
		<BuildDependency Project="../../ZERO_CHECK.vcxproj"/>
		<BuildDependency Project="dependencies/pdjson/_BUNDLED_PDJSON.vcxproj"/>
		<BuildDependency Project="dependencies/quill/quill.vcxproj"/>
	</Project>
	<Project Path="Net/Net.vcxproj" Type="8bc9ceb8-8b4a-11d0-8d11-00a0c91bc942" Id="8b2b58cd-21c7-3cd5-b8e9-03fa56e20ce2">
		<BuildDependency Project="Foundation/Foundation.vcxproj"/>
		<BuildDependency Project="../../ZERO_CHECK.vcxproj"/>
		<BuildDependency Project="dependencies/wepoll/_BUNDLED_WEPOLL.vcxproj"/>
		<BuildDependency Project="dependencies/quill/quill.vcxproj"/>
	</Project>
	<Project Path="Util/Util.vcxproj" Type="8bc9ceb8-8b4a-11d0-8d11-00a0c91bc942" Id="22f26432-22ee-319c-9f25-33dc024745c3">
		<BuildDependency Project="Foundation/Foundation.vcxproj"/>
		<BuildDependency Project="JSON/JSON.vcxproj"/>
		<BuildDependency Project="../../ZERO_CHECK.vcxproj"/>
		<BuildDependency Project="dependencies/quill/quill.vcxproj"/>
	</Project>
	<Project Path="dependencies/7zip/_BUNDLED_7ZIP.vcxproj" Type="8bc9ceb8-8b4a-11d0-8d11-00a0c91bc942" Id="965c1c7b-49ca-3e0e-a73c-89df981c2ef7">
		<BuildDependency Project="../../ZERO_CHECK.vcxproj"/>
	</Project>
	<Project Path="dependencies/expat/_BUNDLED_EXPAT.vcxproj" Type="8bc9ceb8-8b4a-11d0-8d11-00a0c91bc942" Id="a70a372c-31a3-37d0-9bd4-55807d452f72">
		<BuildDependency Project="../../ZERO_CHECK.vcxproj"/>
	</Project>
	<Project Path="dependencies/hpdf/_BUNDLED_HPDF.vcxproj" Type="8bc9ceb8-8b4a-11d0-8d11-00a0c91bc942" Id="1bc6c239-8004-3b9c-8847-117ba3cc9824">
		<BuildDependency Project="../../ZERO_CHECK.vcxproj"/>
		<BuildDependency Project="../SDL_image/external/libpng-build/png_shared.vcxproj"/>
		<BuildDependency Project="../SDL_image/external/zlib-build/zlib.vcxproj"/>
	</Project>
	<Project Path="dependencies/pcre2/_BUNDLED_PCRE2.vcxproj" Type="8bc9ceb8-8b4a-11d0-8d11-00a0c91bc942" Id="8ae1bb33-a3e9-32c8-becf-cfb62ec694a2">
		<BuildDependency Project="../../ZERO_CHECK.vcxproj"/>
	</Project>
	<Project Path="dependencies/pdjson/_BUNDLED_PDJSON.vcxproj" Type="8bc9ceb8-8b4a-11d0-8d11-00a0c91bc942" Id="d42ef1ef-4d30-3883-82dd-d7e6ee82aed8">
		<BuildDependency Project="../../ZERO_CHECK.vcxproj"/>
	</Project>
	<Project Path="dependencies/png/_BUNDLED_PNG.vcxproj" Type="8bc9ceb8-8b4a-11d0-8d11-00a0c91bc942" Id="dec825ac-929f-3f7f-ae0f-c8c8375d522e">
		<BuildDependency Project="../../ZERO_CHECK.vcxproj"/>
		<BuildDependency Project="../SDL_image/external/zlib-build/zlib.vcxproj"/>
	</Project>
	<Project Path="dependencies/sqlite3/_BUNDLED_SQLITE3.vcxproj" Type="8bc9ceb8-8b4a-11d0-8d11-00a0c91bc942" Id="8c37e7cf-5158-342b-9201-ad287d4f7b7d">
		<BuildDependency Project="../../ZERO_CHECK.vcxproj"/>
	</Project>
	<Project Path="dependencies/utf8proc/_BUNDLED_UTF8PROC.vcxproj" Type="8bc9ceb8-8b4a-11d0-8d11-00a0c91bc942" Id="92b4d3a1-8a19-3fba-9d6a-007dc2459e40">
		<BuildDependency Project="../../ZERO_CHECK.vcxproj"/>
	</Project>
	<Project Path="dependencies/v8_double_conversion/_BUNDLED_V8_DOUBLE_CONVERSION.vcxproj" Type="8bc9ceb8-8b4a-11d0-8d11-00a0c91bc942" Id="31f6b1f6-b7a1-36f2-93c2-24e9ade58406">
		<BuildDependency Project="../../ZERO_CHECK.vcxproj"/>
	</Project>
	<Project Path="dependencies/wepoll/_BUNDLED_WEPOLL.vcxproj" Type="8bc9ceb8-8b4a-11d0-8d11-00a0c91bc942" Id="7abde408-486c-3c03-a0d9-7402c07e659e">
		<BuildDependency Project="../../ZERO_CHECK.vcxproj"/>
	</Project>
	<Project Path="dependencies/zlib/_BUNDLED_ZLIB.vcxproj" Type="8bc9ceb8-8b4a-11d0-8d11-00a0c91bc942" Id="cb74a480-7bba-3757-a743-d3b0f7d229f1">
		<BuildDependency Project="../../ZERO_CHECK.vcxproj"/>
	</Project>
	<Project Path="../SDL_image/external/libpng-build/png_genfiles.vcxproj" Type="8bc9ceb8-8b4a-11d0-8d11-00a0c91bc942" Id="e5c453cb-6e81-35cd-92a4-2418bc5d13fd">
		<BuildDependency Project="../../ZERO_CHECK.vcxproj"/>
	</Project>
	<Project Path="../SDL_image/external/libpng-build/png_shared.vcxproj" Type="8bc9ceb8-8b4a-11d0-8d11-00a0c91bc942" Id="8a054d43-06b2-3cb3-aded-ba7b933ee5d2">
		<BuildDependency Project="../../ZERO_CHECK.vcxproj"/>
		<BuildDependency Project="../SDL_image/external/libpng-build/png_genfiles.vcxproj"/>
		<BuildDependency Project="../SDL_image/external/zlib-build/zlib.vcxproj"/>
	</Project>
	<Project Path="dependencies/quill/quill.vcxproj" Type="8bc9ceb8-8b4a-11d0-8d11-00a0c91bc942" Id="1c4a690b-a0a1-3e0e-9f26-d29bd6d0df5b">
		<BuildDependency Project="../../ZERO_CHECK.vcxproj"/>
	</Project>
	<Project Path="uninstall-poco.vcxproj" Type="8bc9ceb8-8b4a-11d0-8d11-00a0c91bc942" Id="7806f0a1-9a77-3981-8bcd-ce55929408d3">
		<BuildDependency Project="../../ZERO_CHECK.vcxproj"/>
		<Build Solution="Debug|*" Project="false"/>
		<Build Solution="Release|*" Project="false"/>
		<Build Solution="MinSizeRel|*" Project="false"/>
		<Build Solution="RelWithDebInfo|*" Project="false"/>
	</Project>
	<Project Path="../SDL_image/external/zlib-build/zlib.vcxproj" Type="8bc9ceb8-8b4a-11d0-8d11-00a0c91bc942" Id="1b29649e-f898-3a07-853f-a66153447519">
		<BuildDependency Project="../../ZERO_CHECK.vcxproj"/>
	</Project>
	<Folder Name="/CMakePredefinedTargets/">
		<Project Path="ALL_BUILD.vcxproj" Type="8bc9ceb8-8b4a-11d0-8d11-00a0c91bc942" Id="7e31f560-99d9-36ea-a0cb-19686928705f" DefaultStartup="true">
			<BuildDependency Project="Foundation/Foundation.vcxproj"/>
			<BuildDependency Project="JSON/JSON.vcxproj"/>
			<BuildDependency Project="Net/Net.vcxproj"/>
			<BuildDependency Project="Util/Util.vcxproj"/>
			<BuildDependency Project="../../ZERO_CHECK.vcxproj"/>
			<BuildDependency Project="dependencies/quill/quill.vcxproj"/>
		</Project>
		<Project Path="INSTALL.vcxproj" Type="8bc9ceb8-8b4a-11d0-8d11-00a0c91bc942" Id="84db2135-61e7-3986-b35f-f9aed436361d">
			<BuildDependency Project="ALL_BUILD.vcxproj"/>
			<BuildDependency Project="../../ZERO_CHECK.vcxproj"/>
			<Build Solution="Debug|*" Project="false"/>
			<Build Solution="Release|*" Project="false"/>
			<Build Solution="MinSizeRel|*" Project="false"/>
			<Build Solution="RelWithDebInfo|*" Project="false"/>
		</Project>
		<Project Path="PACKAGE.vcxproj" Type="8bc9ceb8-8b4a-11d0-8d11-00a0c91bc942" Id="79085718-8802-3391-b672-a9d0dda462a3">
			<BuildDependency Project="ALL_BUILD.vcxproj"/>
			<BuildDependency Project="../../ZERO_CHECK.vcxproj"/>
			<Build Solution="Debug|*" Project="false"/>
			<Build Solution="Release|*" Project="false"/>
			<Build Solution="MinSizeRel|*" Project="false"/>
			<Build Solution="RelWithDebInfo|*" Project="false"/>
		</Project>
		<Project Path="../../ZERO_CHECK.vcxproj" Type="8bc9ceb8-8b4a-11d0-8d11-00a0c91bc942" Id="aa3d58b0-8d7d-3604-9cc3-6ad246443146"/>
	</Folder>
</Solution>
