<?xml version="1.0" encoding="utf-8"?>
<Project ToolsVersion="18.0" xmlns="http://schemas.microsoft.com/developer/msbuild/2003">
  <ItemGroup>
    <ClCompile Include="C:\Users\hyper\workspace\bg\okgame\lib\boost\libs\filesystem\src\codecvt_error_category.cpp">
      <Filter>Source Files</Filter>
    </ClCompile>
    <ClCompile Include="C:\Users\hyper\workspace\bg\okgame\lib\boost\libs\filesystem\src\exception.cpp">
      <Filter>Source Files</Filter>
    </ClCompile>
    <ClCompile Include="C:\Users\hyper\workspace\bg\okgame\lib\boost\libs\filesystem\src\operations.cpp">
      <Filter>Source Files</Filter>
    </ClCompile>
    <ClCompile Include="C:\Users\hyper\workspace\bg\okgame\lib\boost\libs\filesystem\src\directory.cpp">
      <Filter>Source Files</Filter>
    </ClCompile>
    <ClCompile Include="C:\Users\hyper\workspace\bg\okgame\lib\boost\libs\filesystem\src\path.cpp">
      <Filter>Source Files</Filter>
    </ClCompile>
    <ClCompile Include="C:\Users\hyper\workspace\bg\okgame\lib\boost\libs\filesystem\src\path_traits.cpp">
      <Filter>Source Files</Filter>
    </ClCompile>
    <ClCompile Include="C:\Users\hyper\workspace\bg\okgame\lib\boost\libs\filesystem\src\portability.cpp">
      <Filter>Source Files</Filter>
    </ClCompile>
    <ClCompile Include="C:\Users\hyper\workspace\bg\okgame\lib\boost\libs\filesystem\src\unique_path.cpp">
      <Filter>Source Files</Filter>
    </ClCompile>
    <ClCompile Include="C:\Users\hyper\workspace\bg\okgame\lib\boost\libs\filesystem\src\utf8_codecvt_facet.cpp">
      <Filter>Source Files</Filter>
    </ClCompile>
    <ClCompile Include="C:\Users\hyper\workspace\bg\okgame\lib\boost\libs\filesystem\src\windows_file_codecvt.cpp">
      <Filter>Source Files</Filter>
    </ClCompile>
  </ItemGroup>
  <ItemGroup>
    <CustomBuild Include="C:\Users\hyper\workspace\bg\okgame\lib\boost\libs\filesystem\CMakeLists.txt" />
  </ItemGroup>
  <ItemGroup>
    <Natvis Include="C:\Users\hyper\workspace\bg\okgame\lib\boost\libs\assert\extra\boost_assert.natvis" />
  </ItemGroup>
  <ItemGroup>
    <Filter Include="Source Files">
      <UniqueIdentifier>{A1B0F1F1-5337-3699-AE2C-5E0B6F4550CB}</UniqueIdentifier>
    </Filter>
  </ItemGroup>
</Project>
