
Microsoft Visual Studio Solution File, Format Version 12.00
# Visual Studio 15
VisualStudioVersion = 15.0.27428.2027
MinimumVisualStudioVersion = 10.0.40219.1
Project("{8BC9CEB8-8B4A-11D0-8D11-00A0C91BC942}") = "bobsgame", "bobsgame.vcxproj", "{AF7EAEC1-0865-4133-9A48-C8097F619525}"
	ProjectSection(ProjectDependencies) = postProject
		{539A236F-3F31-4D91-B1B9-4D568FD80CD0} = {539A236F-3F31-4D91-B1B9-4D568FD80CD0}
		{FB7222BA-96F3-6E42-97BE-8B6219AFADB5} = {FB7222BA-96F3-6E42-97BE-8B6219AFADB5}
		{0D1BCCD2-4D0E-41C6-8971-5A5CD59E1C41} = {0D1BCCD2-4D0E-41C6-8971-5A5CD59E1C41}
		{193328F0-E043-F349-89FB-6C11F34D25A6} = {193328F0-E043-F349-89FB-6C11F34D25A6}
	EndProjectSection
EndProject
Project("{2150E333-8FDC-42A3-9474-1A3956D46DE8}") = "Solution Items", "Solution Items", "{08643FA2-6928-4F60-8E4F-83FD78C28AA3}"
EndProject
Project("{8BC9CEB8-8B4A-11D0-8D11-00A0C91BC942}") = "GWEN-Static", "lib\GWEN-master\gwen\Projects\windows\vs2010\GWEN-Static.vcxproj", "{193328F0-E043-F349-89FB-6C11F34D25A6}"
EndProject
Project("{8BC9CEB8-8B4A-11D0-8D11-00A0C91BC942}") = "Boost_Serialization", "..\Boost_Serialization\Boost_Serialization.vcxproj", "{539A236F-3F31-4D91-B1B9-4D568FD80CD0}"
EndProject
Project("{8BC9CEB8-8B4A-11D0-8D11-00A0C91BC942}") = "GwenRendererPS4", "lib\GWEN-master\gwen\Projects\windows\vs2010\GwenRendererPS4.vcxproj", "{FB7222BA-96F3-6E42-97BE-8B6219AFADB5}"
EndProject
Project("{8BC9CEB8-8B4A-11D0-8D11-00A0C91BC942}") = "Renderer-OpenGL_TruetypeFont", "lib\GWEN-master\gwen\Projects\windows\vs2010\Renderer-OpenGL_TruetypeFont.vcxproj", "{BAFF9248-ED2D-6042-8023-86CA6411FFFF}"
EndProject
Project("{8BC9CEB8-8B4A-11D0-8D11-00A0C91BC942}") = "_toolkit", "C:\SCE\ORBIS SDKs\5.500\target\samples\sample_code\graphics\api_gnm\toolkit\toolkit.vcxproj", "{2F4CCF89-7649-4C7F-8CBF-F976B4FBC2B6}"
EndProject
Project("{8BC9CEB8-8B4A-11D0-8D11-00A0C91BC942}") = "_framework", "C:\SCE\ORBIS SDKs\5.500\target\samples\sample_code\graphics\api_gnm\framework\framework.vcxproj", "{F950CC65-80EF-4B1F-86A3-2B87B3F23C96}"
EndProject
Project("{8BC9CEB8-8B4A-11D0-8D11-00A0C91BC942}") = "_dbg_font", "C:\SCE\ORBIS SDKs\5.500\target\samples\sample_code\graphics\api_gnm\dbg_font\dbg_font.vcxproj", "{43565AD8-688C-4451-A81F-2ABA8E957753}"
EndProject
Project("{8BC9CEB8-8B4A-11D0-8D11-00A0C91BC942}") = "Gnmx", "C:\SCE\ORBIS SDKs\5.500\target\src\gnmx\gnmx.vcxproj", "{5437F277-1A9B-4E61-AF2B-CAAA00AE65CF}"
EndProject
Project("{8BC9CEB8-8B4A-11D0-8D11-00A0C91BC942}") = "simple_step", "C:\SCE\ORBIS SDKs\5.500\target\samples\sample_code\graphics\api_font\simple_step\simple_step.vcxproj", "{CF868434-6762-4F81-9243-57B2F465AA9D}"
EndProject
Project("{8BC9CEB8-8B4A-11D0-8D11-00A0C91BC942}") = "api_pad_mouse_basic", "C:\SCE\ORBIS SDKs\5.500\target\samples\sample_code\input_output_devices\api_pad_mouse\basic\api_pad_mouse_basic.vcxproj", "{B02B86C0-AC96-4C03-B9C3-F24958F675CA}"
EndProject
Project("{8BC9CEB8-8B4A-11D0-8D11-00A0C91BC942}") = "tinyxml", "C:\SCE\ORBIS SDKs\5.500\target\samples\sample_code\system\api_physics_effects\external\tinyxml\tinyxml_lib.orbis.vcxproj", "{C406DAEC-0886-4771-8DEA-9D7329B46CC1}"
EndProject
Project("{8BC9CEB8-8B4A-11D0-8D11-00A0C91BC942}") = "np_toolkit2_sample", "C:\SCE\ORBIS SDKs\5.500\target\samples\sample_code\playstation_network\api_np_toolkit2\np_toolkit2_sample\np_toolkit2_sample.vcxproj", "{9A0CE43F-A13E-42D2-BFC1-4EEAB1B97A0B}"
EndProject
Project("{8BC9CEB8-8B4A-11D0-8D11-00A0C91BC942}") = "freetype", "lib\SDL2_ttf-2.0.14\external\freetype-2.4.12\builds\win32\vc2010\freetype.vcxproj", "{78B079BD-9FC7-4B9E-B4A6-96DA0F00248B}"
EndProject
Project("{8BC9CEB8-8B4A-11D0-8D11-00A0C91BC942}") = "libSceSampleUtil", "..\..\..\..\SCE\ORBIS SDKs\5.500\target\samples\sample_code\common\source\sampleutil\libSceSampleUtil.vcxproj", "{30A1B994-C2C6-485F-911B-FB4674366DA8}"
EndProject
Project("{8BC9CEB8-8B4A-11D0-8D11-00A0C91BC942}") = "common", "..\..\..\..\SCE\ORBIS SDKs\5.500\target\samples\sample_code\system\tutorial_shooting_game_trc_compliant\common\common.vcxproj", "{0D1BCCD2-4D0E-41C6-8971-5A5CD59E1C41}"
EndProject
Project("{8BC9CEB8-8B4A-11D0-8D11-00A0C91BC942}") = "single_user", "..\..\..\..\SCE\ORBIS SDKs\5.500\target\samples\sample_code\system\tutorial_shooting_game_trc_compliant\single_user\single_user.vcxproj", "{117E0C16-D2B2-49A5-A7EF-212BC751179B}"
EndProject
Project("{8BC9CEB8-8B4A-11D0-8D11-00A0C91BC942}") = "basic-sample", "..\..\..\..\SCE\ORBIS SDKs\5.500\target\samples\sample_code\graphics\api_gnm\basic-sample\basic-sample.vcxproj", "{1FD24EC0-8D9A-4C57-8B5C-422F1BCF62C0}"
EndProject
Project("{8BC9CEB8-8B4A-11D0-8D11-00A0C91BC942}") = "basic_quad", "..\..\..\..\SCE\ORBIS SDKs\5.500\target\samples\sample_code\graphics\tutorial_graphics_programming\basic_quad\basic_quad.vcxproj", "{C1F182EE-C781-4BC4-9C98-76E67D3D8068}"
EndProject
Project("{8BC9CEB8-8B4A-11D0-8D11-00A0C91BC942}") = "multi_user", "..\..\..\..\SCE\ORBIS SDKs\5.500\target\samples\sample_code\system\tutorial_shooting_game_trc_compliant\multi_user\multi_user.vcxproj", "{518B6F8D-2E05-43BB-AB22-E96BF76269B6}"
EndProject
Global
	GlobalSection(SolutionConfigurationPlatforms) = preSolution
		Debug|ORBIS = Debug|ORBIS
		Debug|PSVita = Debug|PSVita
		Debug|x64 = Debug|x64
		Debug|x86 = Debug|x86
		Patch|ORBIS = Patch|ORBIS
		Patch|PSVita = Patch|PSVita
		Patch|x64 = Patch|x64
		Patch|x86 = Patch|x86
		Release|ORBIS = Release|ORBIS
		Release|PSVita = Release|PSVita
		Release|x64 = Release|x64
		Release|x86 = Release|x86
	EndGlobalSection
	GlobalSection(ProjectConfigurationPlatforms) = postSolution
		{AF7EAEC1-0865-4133-9A48-C8097F619525}.Debug|ORBIS.ActiveCfg = Debug|ORBIS
		{AF7EAEC1-0865-4133-9A48-C8097F619525}.Debug|ORBIS.Build.0 = Debug|ORBIS
		{AF7EAEC1-0865-4133-9A48-C8097F619525}.Debug|PSVita.ActiveCfg = Debug|Win32
		{AF7EAEC1-0865-4133-9A48-C8097F619525}.Debug|x64.ActiveCfg = Debug|Win32
		{AF7EAEC1-0865-4133-9A48-C8097F619525}.Debug|x86.ActiveCfg = Debug|Win32
		{AF7EAEC1-0865-4133-9A48-C8097F619525}.Debug|x86.Build.0 = Debug|Win32
		{AF7EAEC1-0865-4133-9A48-C8097F619525}.Patch|ORBIS.ActiveCfg = Release|ORBIS
		{AF7EAEC1-0865-4133-9A48-C8097F619525}.Patch|ORBIS.Build.0 = Release|ORBIS
		{AF7EAEC1-0865-4133-9A48-C8097F619525}.Patch|PSVita.ActiveCfg = Release|Win32
		{AF7EAEC1-0865-4133-9A48-C8097F619525}.Patch|PSVita.Build.0 = Release|Win32
		{AF7EAEC1-0865-4133-9A48-C8097F619525}.Patch|x64.ActiveCfg = Release|Win32
		{AF7EAEC1-0865-4133-9A48-C8097F619525}.Patch|x64.Build.0 = Release|Win32
		{AF7EAEC1-0865-4133-9A48-C8097F619525}.Patch|x86.ActiveCfg = Release|Win32
		{AF7EAEC1-0865-4133-9A48-C8097F619525}.Patch|x86.Build.0 = Release|Win32
		{AF7EAEC1-0865-4133-9A48-C8097F619525}.Release|ORBIS.ActiveCfg = Release|ORBIS
		{AF7EAEC1-0865-4133-9A48-C8097F619525}.Release|ORBIS.Build.0 = Release|ORBIS
		{AF7EAEC1-0865-4133-9A48-C8097F619525}.Release|PSVita.ActiveCfg = Release|Win32
		{AF7EAEC1-0865-4133-9A48-C8097F619525}.Release|x64.ActiveCfg = Release|Win32
		{AF7EAEC1-0865-4133-9A48-C8097F619525}.Release|x86.ActiveCfg = Release|Win32
		{AF7EAEC1-0865-4133-9A48-C8097F619525}.Release|x86.Build.0 = Release|Win32
		{193328F0-E043-F349-89FB-6C11F34D25A6}.Debug|ORBIS.ActiveCfg = Debug|ORBIS
		{193328F0-E043-F349-89FB-6C11F34D25A6}.Debug|PSVita.ActiveCfg = Debug|Win32
		{193328F0-E043-F349-89FB-6C11F34D25A6}.Debug|x64.ActiveCfg = Debug|Win32
		{193328F0-E043-F349-89FB-6C11F34D25A6}.Debug|x86.ActiveCfg = Debug|Win32
		{193328F0-E043-F349-89FB-6C11F34D25A6}.Debug|x86.Build.0 = Debug|Win32
		{193328F0-E043-F349-89FB-6C11F34D25A6}.Patch|ORBIS.ActiveCfg = Release|ORBIS
		{193328F0-E043-F349-89FB-6C11F34D25A6}.Patch|ORBIS.Build.0 = Release|ORBIS
		{193328F0-E043-F349-89FB-6C11F34D25A6}.Patch|PSVita.ActiveCfg = Release|Win32
		{193328F0-E043-F349-89FB-6C11F34D25A6}.Patch|PSVita.Build.0 = Release|Win32
		{193328F0-E043-F349-89FB-6C11F34D25A6}.Patch|x64.ActiveCfg = Release|Win32
		{193328F0-E043-F349-89FB-6C11F34D25A6}.Patch|x64.Build.0 = Release|Win32
		{193328F0-E043-F349-89FB-6C11F34D25A6}.Patch|x86.ActiveCfg = Release|Win32
		{193328F0-E043-F349-89FB-6C11F34D25A6}.Patch|x86.Build.0 = Release|Win32
		{193328F0-E043-F349-89FB-6C11F34D25A6}.Release|ORBIS.ActiveCfg = Release|ORBIS
		{193328F0-E043-F349-89FB-6C11F34D25A6}.Release|PSVita.ActiveCfg = Release|Win32
		{193328F0-E043-F349-89FB-6C11F34D25A6}.Release|x64.ActiveCfg = Release|Win32
		{193328F0-E043-F349-89FB-6C11F34D25A6}.Release|x86.ActiveCfg = Release|Win32
		{193328F0-E043-F349-89FB-6C11F34D25A6}.Release|x86.Build.0 = Release|Win32
		{539A236F-3F31-4D91-B1B9-4D568FD80CD0}.Debug|ORBIS.ActiveCfg = Debug|ORBIS
		{539A236F-3F31-4D91-B1B9-4D568FD80CD0}.Debug|PSVita.ActiveCfg = Debug|ORBIS
		{539A236F-3F31-4D91-B1B9-4D568FD80CD0}.Debug|x64.ActiveCfg = Debug|ORBIS
		{539A236F-3F31-4D91-B1B9-4D568FD80CD0}.Debug|x86.ActiveCfg = Debug|ORBIS
		{539A236F-3F31-4D91-B1B9-4D568FD80CD0}.Patch|ORBIS.ActiveCfg = Release|ORBIS
		{539A236F-3F31-4D91-B1B9-4D568FD80CD0}.Patch|ORBIS.Build.0 = Release|ORBIS
		{539A236F-3F31-4D91-B1B9-4D568FD80CD0}.Patch|PSVita.ActiveCfg = Release|ORBIS
		{539A236F-3F31-4D91-B1B9-4D568FD80CD0}.Patch|PSVita.Build.0 = Release|ORBIS
		{539A236F-3F31-4D91-B1B9-4D568FD80CD0}.Patch|x64.ActiveCfg = Release|ORBIS
		{539A236F-3F31-4D91-B1B9-4D568FD80CD0}.Patch|x64.Build.0 = Release|ORBIS
		{539A236F-3F31-4D91-B1B9-4D568FD80CD0}.Patch|x86.ActiveCfg = Release|ORBIS
		{539A236F-3F31-4D91-B1B9-4D568FD80CD0}.Patch|x86.Build.0 = Release|ORBIS
		{539A236F-3F31-4D91-B1B9-4D568FD80CD0}.Release|ORBIS.ActiveCfg = Release|ORBIS
		{539A236F-3F31-4D91-B1B9-4D568FD80CD0}.Release|PSVita.ActiveCfg = Release|ORBIS
		{539A236F-3F31-4D91-B1B9-4D568FD80CD0}.Release|x64.ActiveCfg = Release|ORBIS
		{539A236F-3F31-4D91-B1B9-4D568FD80CD0}.Release|x86.ActiveCfg = Release|ORBIS
		{FB7222BA-96F3-6E42-97BE-8B6219AFADB5}.Debug|ORBIS.ActiveCfg = Debug|ORBIS
		{FB7222BA-96F3-6E42-97BE-8B6219AFADB5}.Debug|PSVita.ActiveCfg = Debug|Win32
		{FB7222BA-96F3-6E42-97BE-8B6219AFADB5}.Debug|x64.ActiveCfg = Debug|Win32
		{FB7222BA-96F3-6E42-97BE-8B6219AFADB5}.Debug|x86.ActiveCfg = Debug|Win32
		{FB7222BA-96F3-6E42-97BE-8B6219AFADB5}.Debug|x86.Build.0 = Debug|Win32
		{FB7222BA-96F3-6E42-97BE-8B6219AFADB5}.Patch|ORBIS.ActiveCfg = Release|ORBIS
		{FB7222BA-96F3-6E42-97BE-8B6219AFADB5}.Patch|ORBIS.Build.0 = Release|ORBIS
		{FB7222BA-96F3-6E42-97BE-8B6219AFADB5}.Patch|PSVita.ActiveCfg = Release|Win32
		{FB7222BA-96F3-6E42-97BE-8B6219AFADB5}.Patch|PSVita.Build.0 = Release|Win32
		{FB7222BA-96F3-6E42-97BE-8B6219AFADB5}.Patch|x64.ActiveCfg = Release|Win32
		{FB7222BA-96F3-6E42-97BE-8B6219AFADB5}.Patch|x64.Build.0 = Release|Win32
		{FB7222BA-96F3-6E42-97BE-8B6219AFADB5}.Patch|x86.ActiveCfg = Release|Win32
		{FB7222BA-96F3-6E42-97BE-8B6219AFADB5}.Patch|x86.Build.0 = Release|Win32
		{FB7222BA-96F3-6E42-97BE-8B6219AFADB5}.Release|ORBIS.ActiveCfg = Release|ORBIS
		{FB7222BA-96F3-6E42-97BE-8B6219AFADB5}.Release|PSVita.ActiveCfg = Release|Win32
		{FB7222BA-96F3-6E42-97BE-8B6219AFADB5}.Release|x64.ActiveCfg = Release|Win32
		{FB7222BA-96F3-6E42-97BE-8B6219AFADB5}.Release|x86.ActiveCfg = Release|Win32
		{FB7222BA-96F3-6E42-97BE-8B6219AFADB5}.Release|x86.Build.0 = Release|Win32
		{BAFF9248-ED2D-6042-8023-86CA6411FFFF}.Debug|ORBIS.ActiveCfg = Debug|Win32
		{BAFF9248-ED2D-6042-8023-86CA6411FFFF}.Debug|PSVita.ActiveCfg = Debug|Win32
		{BAFF9248-ED2D-6042-8023-86CA6411FFFF}.Debug|x64.ActiveCfg = Debug|Win32
		{BAFF9248-ED2D-6042-8023-86CA6411FFFF}.Debug|x86.ActiveCfg = Debug|Win32
		{BAFF9248-ED2D-6042-8023-86CA6411FFFF}.Debug|x86.Build.0 = Debug|Win32
		{BAFF9248-ED2D-6042-8023-86CA6411FFFF}.Patch|ORBIS.ActiveCfg = Release|Win32
		{BAFF9248-ED2D-6042-8023-86CA6411FFFF}.Patch|ORBIS.Build.0 = Release|Win32
		{BAFF9248-ED2D-6042-8023-86CA6411FFFF}.Patch|PSVita.ActiveCfg = Release|Win32
		{BAFF9248-ED2D-6042-8023-86CA6411FFFF}.Patch|PSVita.Build.0 = Release|Win32
		{BAFF9248-ED2D-6042-8023-86CA6411FFFF}.Patch|x64.ActiveCfg = Release|Win32
		{BAFF9248-ED2D-6042-8023-86CA6411FFFF}.Patch|x64.Build.0 = Release|Win32
		{BAFF9248-ED2D-6042-8023-86CA6411FFFF}.Patch|x86.ActiveCfg = Release|Win32
		{BAFF9248-ED2D-6042-8023-86CA6411FFFF}.Patch|x86.Build.0 = Release|Win32
		{BAFF9248-ED2D-6042-8023-86CA6411FFFF}.Release|ORBIS.ActiveCfg = Release|Win32
		{BAFF9248-ED2D-6042-8023-86CA6411FFFF}.Release|PSVita.ActiveCfg = Release|Win32
		{BAFF9248-ED2D-6042-8023-86CA6411FFFF}.Release|x64.ActiveCfg = Release|Win32
		{BAFF9248-ED2D-6042-8023-86CA6411FFFF}.Release|x86.ActiveCfg = Release|Win32
		{BAFF9248-ED2D-6042-8023-86CA6411FFFF}.Release|x86.Build.0 = Release|Win32
		{2F4CCF89-7649-4C7F-8CBF-F976B4FBC2B6}.Debug|ORBIS.ActiveCfg = Debug|ORBIS
		{2F4CCF89-7649-4C7F-8CBF-F976B4FBC2B6}.Debug|PSVita.ActiveCfg = Debug|ORBIS
		{2F4CCF89-7649-4C7F-8CBF-F976B4FBC2B6}.Debug|x64.ActiveCfg = Debug|ORBIS
		{2F4CCF89-7649-4C7F-8CBF-F976B4FBC2B6}.Debug|x86.ActiveCfg = Debug|ORBIS
		{2F4CCF89-7649-4C7F-8CBF-F976B4FBC2B6}.Patch|ORBIS.ActiveCfg = Release|ORBIS
		{2F4CCF89-7649-4C7F-8CBF-F976B4FBC2B6}.Patch|ORBIS.Build.0 = Release|ORBIS
		{2F4CCF89-7649-4C7F-8CBF-F976B4FBC2B6}.Patch|PSVita.ActiveCfg = Release|ORBIS
		{2F4CCF89-7649-4C7F-8CBF-F976B4FBC2B6}.Patch|PSVita.Build.0 = Release|ORBIS
		{2F4CCF89-7649-4C7F-8CBF-F976B4FBC2B6}.Patch|x64.ActiveCfg = Release|ORBIS
		{2F4CCF89-7649-4C7F-8CBF-F976B4FBC2B6}.Patch|x64.Build.0 = Release|ORBIS
		{2F4CCF89-7649-4C7F-8CBF-F976B4FBC2B6}.Patch|x86.ActiveCfg = Release|ORBIS
		{2F4CCF89-7649-4C7F-8CBF-F976B4FBC2B6}.Patch|x86.Build.0 = Release|ORBIS
		{2F4CCF89-7649-4C7F-8CBF-F976B4FBC2B6}.Release|ORBIS.ActiveCfg = Release|ORBIS
		{2F4CCF89-7649-4C7F-8CBF-F976B4FBC2B6}.Release|PSVita.ActiveCfg = Release|ORBIS
		{2F4CCF89-7649-4C7F-8CBF-F976B4FBC2B6}.Release|x64.ActiveCfg = Release|ORBIS
		{2F4CCF89-7649-4C7F-8CBF-F976B4FBC2B6}.Release|x86.ActiveCfg = Release|ORBIS
		{F950CC65-80EF-4B1F-86A3-2B87B3F23C96}.Debug|ORBIS.ActiveCfg = Debug|ORBIS
		{F950CC65-80EF-4B1F-86A3-2B87B3F23C96}.Debug|PSVita.ActiveCfg = Debug|ORBIS
		{F950CC65-80EF-4B1F-86A3-2B87B3F23C96}.Debug|x64.ActiveCfg = Debug|ORBIS
		{F950CC65-80EF-4B1F-86A3-2B87B3F23C96}.Debug|x86.ActiveCfg = Debug|ORBIS
		{F950CC65-80EF-4B1F-86A3-2B87B3F23C96}.Patch|ORBIS.ActiveCfg = Release|ORBIS
		{F950CC65-80EF-4B1F-86A3-2B87B3F23C96}.Patch|ORBIS.Build.0 = Release|ORBIS
		{F950CC65-80EF-4B1F-86A3-2B87B3F23C96}.Patch|PSVita.ActiveCfg = Release|ORBIS
		{F950CC65-80EF-4B1F-86A3-2B87B3F23C96}.Patch|PSVita.Build.0 = Release|ORBIS
		{F950CC65-80EF-4B1F-86A3-2B87B3F23C96}.Patch|x64.ActiveCfg = Release|ORBIS
		{F950CC65-80EF-4B1F-86A3-2B87B3F23C96}.Patch|x64.Build.0 = Release|ORBIS
		{F950CC65-80EF-4B1F-86A3-2B87B3F23C96}.Patch|x86.ActiveCfg = Release|ORBIS
		{F950CC65-80EF-4B1F-86A3-2B87B3F23C96}.Patch|x86.Build.0 = Release|ORBIS
		{F950CC65-80EF-4B1F-86A3-2B87B3F23C96}.Release|ORBIS.ActiveCfg = Release|ORBIS
		{F950CC65-80EF-4B1F-86A3-2B87B3F23C96}.Release|PSVita.ActiveCfg = Release|ORBIS
		{F950CC65-80EF-4B1F-86A3-2B87B3F23C96}.Release|x64.ActiveCfg = Release|ORBIS
		{F950CC65-80EF-4B1F-86A3-2B87B3F23C96}.Release|x86.ActiveCfg = Release|ORBIS
		{43565AD8-688C-4451-A81F-2ABA8E957753}.Debug|ORBIS.ActiveCfg = Debug|ORBIS
		{43565AD8-688C-4451-A81F-2ABA8E957753}.Debug|PSVita.ActiveCfg = Debug|ORBIS
		{43565AD8-688C-4451-A81F-2ABA8E957753}.Debug|x64.ActiveCfg = Debug|ORBIS
		{43565AD8-688C-4451-A81F-2ABA8E957753}.Debug|x86.ActiveCfg = Debug|ORBIS
		{43565AD8-688C-4451-A81F-2ABA8E957753}.Patch|ORBIS.ActiveCfg = Release|ORBIS
		{43565AD8-688C-4451-A81F-2ABA8E957753}.Patch|ORBIS.Build.0 = Release|ORBIS
		{43565AD8-688C-4451-A81F-2ABA8E957753}.Patch|PSVita.ActiveCfg = Release|ORBIS
		{43565AD8-688C-4451-A81F-2ABA8E957753}.Patch|PSVita.Build.0 = Release|ORBIS
		{43565AD8-688C-4451-A81F-2ABA8E957753}.Patch|x64.ActiveCfg = Release|ORBIS
		{43565AD8-688C-4451-A81F-2ABA8E957753}.Patch|x64.Build.0 = Release|ORBIS
		{43565AD8-688C-4451-A81F-2ABA8E957753}.Patch|x86.ActiveCfg = Release|ORBIS
		{43565AD8-688C-4451-A81F-2ABA8E957753}.Patch|x86.Build.0 = Release|ORBIS
		{43565AD8-688C-4451-A81F-2ABA8E957753}.Release|ORBIS.ActiveCfg = Release|ORBIS
		{43565AD8-688C-4451-A81F-2ABA8E957753}.Release|PSVita.ActiveCfg = Release|ORBIS
		{43565AD8-688C-4451-A81F-2ABA8E957753}.Release|x64.ActiveCfg = Release|ORBIS
		{43565AD8-688C-4451-A81F-2ABA8E957753}.Release|x86.ActiveCfg = Release|ORBIS
		{5437F277-1A9B-4E61-AF2B-CAAA00AE65CF}.Debug|ORBIS.ActiveCfg = Debug|ORBIS
		{5437F277-1A9B-4E61-AF2B-CAAA00AE65CF}.Debug|PSVita.ActiveCfg = Debug|x64
		{5437F277-1A9B-4E61-AF2B-CAAA00AE65CF}.Debug|x64.ActiveCfg = Debug|x64
		{5437F277-1A9B-4E61-AF2B-CAAA00AE65CF}.Debug|x64.Build.0 = Debug|x64
		{5437F277-1A9B-4E61-AF2B-CAAA00AE65CF}.Debug|x86.ActiveCfg = Debug|x64
		{5437F277-1A9B-4E61-AF2B-CAAA00AE65CF}.Patch|ORBIS.ActiveCfg = Release (LTO)|ORBIS
		{5437F277-1A9B-4E61-AF2B-CAAA00AE65CF}.Patch|ORBIS.Build.0 = Release (LTO)|ORBIS
		{5437F277-1A9B-4E61-AF2B-CAAA00AE65CF}.Patch|PSVita.ActiveCfg = Release (LTO)|x64
		{5437F277-1A9B-4E61-AF2B-CAAA00AE65CF}.Patch|PSVita.Build.0 = Release (LTO)|x64
		{5437F277-1A9B-4E61-AF2B-CAAA00AE65CF}.Patch|x64.ActiveCfg = Release (LTO)|x64
		{5437F277-1A9B-4E61-AF2B-CAAA00AE65CF}.Patch|x64.Build.0 = Release (LTO)|x64
		{5437F277-1A9B-4E61-AF2B-CAAA00AE65CF}.Patch|x86.ActiveCfg = Release (LTO)|x64
		{5437F277-1A9B-4E61-AF2B-CAAA00AE65CF}.Patch|x86.Build.0 = Release (LTO)|x64
		{5437F277-1A9B-4E61-AF2B-CAAA00AE65CF}.Release|ORBIS.ActiveCfg = Release|ORBIS
		{5437F277-1A9B-4E61-AF2B-CAAA00AE65CF}.Release|PSVita.ActiveCfg = Release|x64
		{5437F277-1A9B-4E61-AF2B-CAAA00AE65CF}.Release|x64.ActiveCfg = Release|x64
		{5437F277-1A9B-4E61-AF2B-CAAA00AE65CF}.Release|x64.Build.0 = Release|x64
		{5437F277-1A9B-4E61-AF2B-CAAA00AE65CF}.Release|x86.ActiveCfg = Release|x64
		{CF868434-6762-4F81-9243-57B2F465AA9D}.Debug|ORBIS.ActiveCfg = Debug|ORBIS
		{CF868434-6762-4F81-9243-57B2F465AA9D}.Debug|PSVita.ActiveCfg = Debug|ORBIS
		{CF868434-6762-4F81-9243-57B2F465AA9D}.Debug|x64.ActiveCfg = Debug|ORBIS
		{CF868434-6762-4F81-9243-57B2F465AA9D}.Debug|x86.ActiveCfg = Debug|ORBIS
		{CF868434-6762-4F81-9243-57B2F465AA9D}.Patch|ORBIS.ActiveCfg = Release|ORBIS
		{CF868434-6762-4F81-9243-57B2F465AA9D}.Patch|ORBIS.Build.0 = Release|ORBIS
		{CF868434-6762-4F81-9243-57B2F465AA9D}.Patch|PSVita.ActiveCfg = Release|ORBIS
		{CF868434-6762-4F81-9243-57B2F465AA9D}.Patch|PSVita.Build.0 = Release|ORBIS
		{CF868434-6762-4F81-9243-57B2F465AA9D}.Patch|x64.ActiveCfg = Release|ORBIS
		{CF868434-6762-4F81-9243-57B2F465AA9D}.Patch|x64.Build.0 = Release|ORBIS
		{CF868434-6762-4F81-9243-57B2F465AA9D}.Patch|x86.ActiveCfg = Release|ORBIS
		{CF868434-6762-4F81-9243-57B2F465AA9D}.Patch|x86.Build.0 = Release|ORBIS
		{CF868434-6762-4F81-9243-57B2F465AA9D}.Release|ORBIS.ActiveCfg = Release|ORBIS
		{CF868434-6762-4F81-9243-57B2F465AA9D}.Release|PSVita.ActiveCfg = Release|ORBIS
		{CF868434-6762-4F81-9243-57B2F465AA9D}.Release|x64.ActiveCfg = Release|ORBIS
		{CF868434-6762-4F81-9243-57B2F465AA9D}.Release|x86.ActiveCfg = Release|ORBIS
		{B02B86C0-AC96-4C03-B9C3-F24958F675CA}.Debug|ORBIS.ActiveCfg = Debug|ORBIS
		{B02B86C0-AC96-4C03-B9C3-F24958F675CA}.Debug|PSVita.ActiveCfg = Debug|x64
		{B02B86C0-AC96-4C03-B9C3-F24958F675CA}.Debug|x64.ActiveCfg = Debug|x64
		{B02B86C0-AC96-4C03-B9C3-F24958F675CA}.Debug|x64.Build.0 = Debug|x64
		{B02B86C0-AC96-4C03-B9C3-F24958F675CA}.Debug|x86.ActiveCfg = Debug|x64
		{B02B86C0-AC96-4C03-B9C3-F24958F675CA}.Patch|ORBIS.ActiveCfg = Release|ORBIS
		{B02B86C0-AC96-4C03-B9C3-F24958F675CA}.Patch|ORBIS.Build.0 = Release|ORBIS
		{B02B86C0-AC96-4C03-B9C3-F24958F675CA}.Patch|PSVita.ActiveCfg = Release|x64
		{B02B86C0-AC96-4C03-B9C3-F24958F675CA}.Patch|PSVita.Build.0 = Release|x64
		{B02B86C0-AC96-4C03-B9C3-F24958F675CA}.Patch|x64.ActiveCfg = Release|x64
		{B02B86C0-AC96-4C03-B9C3-F24958F675CA}.Patch|x64.Build.0 = Release|x64
		{B02B86C0-AC96-4C03-B9C3-F24958F675CA}.Patch|x86.ActiveCfg = Release|x64
		{B02B86C0-AC96-4C03-B9C3-F24958F675CA}.Patch|x86.Build.0 = Release|x64
		{B02B86C0-AC96-4C03-B9C3-F24958F675CA}.Release|ORBIS.ActiveCfg = Release|ORBIS
		{B02B86C0-AC96-4C03-B9C3-F24958F675CA}.Release|PSVita.ActiveCfg = Release|x64
		{B02B86C0-AC96-4C03-B9C3-F24958F675CA}.Release|x64.ActiveCfg = Release|x64
		{B02B86C0-AC96-4C03-B9C3-F24958F675CA}.Release|x64.Build.0 = Release|x64
		{B02B86C0-AC96-4C03-B9C3-F24958F675CA}.Release|x86.ActiveCfg = Release|x64
		{C406DAEC-0886-4771-8DEA-9D7329B46CC1}.Debug|ORBIS.ActiveCfg = Debug|ORBIS
		{C406DAEC-0886-4771-8DEA-9D7329B46CC1}.Debug|PSVita.ActiveCfg = Debug|ORBIS
		{C406DAEC-0886-4771-8DEA-9D7329B46CC1}.Debug|x64.ActiveCfg = Debug|ORBIS
		{C406DAEC-0886-4771-8DEA-9D7329B46CC1}.Debug|x86.ActiveCfg = Debug|ORBIS
		{C406DAEC-0886-4771-8DEA-9D7329B46CC1}.Patch|ORBIS.ActiveCfg = Release|ORBIS
		{C406DAEC-0886-4771-8DEA-9D7329B46CC1}.Patch|ORBIS.Build.0 = Release|ORBIS
		{C406DAEC-0886-4771-8DEA-9D7329B46CC1}.Patch|PSVita.ActiveCfg = Release|ORBIS
		{C406DAEC-0886-4771-8DEA-9D7329B46CC1}.Patch|PSVita.Build.0 = Release|ORBIS
		{C406DAEC-0886-4771-8DEA-9D7329B46CC1}.Patch|x64.ActiveCfg = Release|ORBIS
		{C406DAEC-0886-4771-8DEA-9D7329B46CC1}.Patch|x64.Build.0 = Release|ORBIS
		{C406DAEC-0886-4771-8DEA-9D7329B46CC1}.Patch|x86.ActiveCfg = Release|ORBIS
		{C406DAEC-0886-4771-8DEA-9D7329B46CC1}.Patch|x86.Build.0 = Release|ORBIS
		{C406DAEC-0886-4771-8DEA-9D7329B46CC1}.Release|ORBIS.ActiveCfg = Release|ORBIS
		{C406DAEC-0886-4771-8DEA-9D7329B46CC1}.Release|PSVita.ActiveCfg = Release|ORBIS
		{C406DAEC-0886-4771-8DEA-9D7329B46CC1}.Release|x64.ActiveCfg = Release|ORBIS
		{C406DAEC-0886-4771-8DEA-9D7329B46CC1}.Release|x86.ActiveCfg = Release|ORBIS
		{9A0CE43F-A13E-42D2-BFC1-4EEAB1B97A0B}.Debug|ORBIS.ActiveCfg = Debug|ORBIS
		{9A0CE43F-A13E-42D2-BFC1-4EEAB1B97A0B}.Debug|PSVita.ActiveCfg = Debug|ORBIS
		{9A0CE43F-A13E-42D2-BFC1-4EEAB1B97A0B}.Debug|x64.ActiveCfg = Debug|ORBIS
		{9A0CE43F-A13E-42D2-BFC1-4EEAB1B97A0B}.Debug|x86.ActiveCfg = Debug|ORBIS
		{9A0CE43F-A13E-42D2-BFC1-4EEAB1B97A0B}.Patch|ORBIS.ActiveCfg = Release|ORBIS
		{9A0CE43F-A13E-42D2-BFC1-4EEAB1B97A0B}.Patch|ORBIS.Build.0 = Release|ORBIS
		{9A0CE43F-A13E-42D2-BFC1-4EEAB1B97A0B}.Patch|PSVita.ActiveCfg = Release|ORBIS
		{9A0CE43F-A13E-42D2-BFC1-4EEAB1B97A0B}.Patch|PSVita.Build.0 = Release|ORBIS
		{9A0CE43F-A13E-42D2-BFC1-4EEAB1B97A0B}.Patch|x64.ActiveCfg = Release|ORBIS
		{9A0CE43F-A13E-42D2-BFC1-4EEAB1B97A0B}.Patch|x64.Build.0 = Release|ORBIS
		{9A0CE43F-A13E-42D2-BFC1-4EEAB1B97A0B}.Patch|x86.ActiveCfg = Release|ORBIS
		{9A0CE43F-A13E-42D2-BFC1-4EEAB1B97A0B}.Patch|x86.Build.0 = Release|ORBIS
		{9A0CE43F-A13E-42D2-BFC1-4EEAB1B97A0B}.Release|ORBIS.ActiveCfg = Release|ORBIS
		{9A0CE43F-A13E-42D2-BFC1-4EEAB1B97A0B}.Release|PSVita.ActiveCfg = Release|ORBIS
		{9A0CE43F-A13E-42D2-BFC1-4EEAB1B97A0B}.Release|x64.ActiveCfg = Release|ORBIS
		{9A0CE43F-A13E-42D2-BFC1-4EEAB1B97A0B}.Release|x86.ActiveCfg = Release|ORBIS
		{78B079BD-9FC7-4B9E-B4A6-96DA0F00248B}.Debug|ORBIS.ActiveCfg = Debug|ORBIS
		{78B079BD-9FC7-4B9E-B4A6-96DA0F00248B}.Debug|PSVita.ActiveCfg = Debug|Win32
		{78B079BD-9FC7-4B9E-B4A6-96DA0F00248B}.Debug|x64.ActiveCfg = Debug|Win32
		{78B079BD-9FC7-4B9E-B4A6-96DA0F00248B}.Debug|x86.ActiveCfg = Debug|Win32
		{78B079BD-9FC7-4B9E-B4A6-96DA0F00248B}.Debug|x86.Build.0 = Debug|Win32
		{78B079BD-9FC7-4B9E-B4A6-96DA0F00248B}.Patch|ORBIS.ActiveCfg = Release Singlethreaded|ORBIS
		{78B079BD-9FC7-4B9E-B4A6-96DA0F00248B}.Patch|ORBIS.Build.0 = Release Singlethreaded|ORBIS
		{78B079BD-9FC7-4B9E-B4A6-96DA0F00248B}.Patch|PSVita.ActiveCfg = Release Singlethreaded|Win32
		{78B079BD-9FC7-4B9E-B4A6-96DA0F00248B}.Patch|PSVita.Build.0 = Release Singlethreaded|Win32
		{78B079BD-9FC7-4B9E-B4A6-96DA0F00248B}.Patch|x64.ActiveCfg = Release Singlethreaded|Win32
		{78B079BD-9FC7-4B9E-B4A6-96DA0F00248B}.Patch|x64.Build.0 = Release Singlethreaded|Win32
		{78B079BD-9FC7-4B9E-B4A6-96DA0F00248B}.Patch|x86.ActiveCfg = Release Singlethreaded|Win32
		{78B079BD-9FC7-4B9E-B4A6-96DA0F00248B}.Patch|x86.Build.0 = Release Singlethreaded|Win32
		{78B079BD-9FC7-4B9E-B4A6-96DA0F00248B}.Release|ORBIS.ActiveCfg = Release|ORBIS
		{78B079BD-9FC7-4B9E-B4A6-96DA0F00248B}.Release|PSVita.ActiveCfg = Release|Win32
		{78B079BD-9FC7-4B9E-B4A6-96DA0F00248B}.Release|x64.ActiveCfg = Release|Win32
		{78B079BD-9FC7-4B9E-B4A6-96DA0F00248B}.Release|x86.ActiveCfg = Release|Win32
		{78B079BD-9FC7-4B9E-B4A6-96DA0F00248B}.Release|x86.Build.0 = Release|Win32
		{30A1B994-C2C6-485F-911B-FB4674366DA8}.Debug|ORBIS.ActiveCfg = Debug|ORBIS
		{30A1B994-C2C6-485F-911B-FB4674366DA8}.Debug|ORBIS.Build.0 = Debug|ORBIS
		{30A1B994-C2C6-485F-911B-FB4674366DA8}.Debug|PSVita.ActiveCfg = Debug|PSVita
		{30A1B994-C2C6-485F-911B-FB4674366DA8}.Debug|PSVita.Build.0 = Debug|PSVita
		{30A1B994-C2C6-485F-911B-FB4674366DA8}.Debug|x64.ActiveCfg = Debug|x64
		{30A1B994-C2C6-485F-911B-FB4674366DA8}.Debug|x64.Build.0 = Debug|x64
		{30A1B994-C2C6-485F-911B-FB4674366DA8}.Debug|x86.ActiveCfg = Debug|x64
		{30A1B994-C2C6-485F-911B-FB4674366DA8}.Patch|ORBIS.ActiveCfg = Release|ORBIS
		{30A1B994-C2C6-485F-911B-FB4674366DA8}.Patch|ORBIS.Build.0 = Release|ORBIS
		{30A1B994-C2C6-485F-911B-FB4674366DA8}.Patch|PSVita.ActiveCfg = Release|PSVita
		{30A1B994-C2C6-485F-911B-FB4674366DA8}.Patch|PSVita.Build.0 = Release|PSVita
		{30A1B994-C2C6-485F-911B-FB4674366DA8}.Patch|x64.ActiveCfg = Release|x64
		{30A1B994-C2C6-485F-911B-FB4674366DA8}.Patch|x64.Build.0 = Release|x64
		{30A1B994-C2C6-485F-911B-FB4674366DA8}.Patch|x86.ActiveCfg = Release|x64
		{30A1B994-C2C6-485F-911B-FB4674366DA8}.Patch|x86.Build.0 = Release|x64
		{30A1B994-C2C6-485F-911B-FB4674366DA8}.Release|ORBIS.ActiveCfg = Release|ORBIS
		{30A1B994-C2C6-485F-911B-FB4674366DA8}.Release|ORBIS.Build.0 = Release|ORBIS
		{30A1B994-C2C6-485F-911B-FB4674366DA8}.Release|PSVita.ActiveCfg = Release|PSVita
		{30A1B994-C2C6-485F-911B-FB4674366DA8}.Release|PSVita.Build.0 = Release|PSVita
		{30A1B994-C2C6-485F-911B-FB4674366DA8}.Release|x64.ActiveCfg = Release|x64
		{30A1B994-C2C6-485F-911B-FB4674366DA8}.Release|x64.Build.0 = Release|x64
		{30A1B994-C2C6-485F-911B-FB4674366DA8}.Release|x86.ActiveCfg = Release|x64
		{0D1BCCD2-4D0E-41C6-8971-5A5CD59E1C41}.Debug|ORBIS.ActiveCfg = Debug|ORBIS
		{0D1BCCD2-4D0E-41C6-8971-5A5CD59E1C41}.Debug|ORBIS.Build.0 = Debug|ORBIS
		{0D1BCCD2-4D0E-41C6-8971-5A5CD59E1C41}.Debug|PSVita.ActiveCfg = Debug|ORBIS
		{0D1BCCD2-4D0E-41C6-8971-5A5CD59E1C41}.Debug|x64.ActiveCfg = Debug|ORBIS
		{0D1BCCD2-4D0E-41C6-8971-5A5CD59E1C41}.Debug|x86.ActiveCfg = Debug|ORBIS
		{0D1BCCD2-4D0E-41C6-8971-5A5CD59E1C41}.Patch|ORBIS.ActiveCfg = Patch|ORBIS
		{0D1BCCD2-4D0E-41C6-8971-5A5CD59E1C41}.Patch|ORBIS.Build.0 = Patch|ORBIS
		{0D1BCCD2-4D0E-41C6-8971-5A5CD59E1C41}.Patch|PSVita.ActiveCfg = Patch|ORBIS
		{0D1BCCD2-4D0E-41C6-8971-5A5CD59E1C41}.Patch|x64.ActiveCfg = Patch|ORBIS
		{0D1BCCD2-4D0E-41C6-8971-5A5CD59E1C41}.Patch|x86.ActiveCfg = Patch|ORBIS
		{0D1BCCD2-4D0E-41C6-8971-5A5CD59E1C41}.Release|ORBIS.ActiveCfg = Release|ORBIS
		{0D1BCCD2-4D0E-41C6-8971-5A5CD59E1C41}.Release|ORBIS.Build.0 = Release|ORBIS
		{0D1BCCD2-4D0E-41C6-8971-5A5CD59E1C41}.Release|PSVita.ActiveCfg = Release|ORBIS
		{0D1BCCD2-4D0E-41C6-8971-5A5CD59E1C41}.Release|x64.ActiveCfg = Release|ORBIS
		{0D1BCCD2-4D0E-41C6-8971-5A5CD59E1C41}.Release|x86.ActiveCfg = Release|ORBIS
		{117E0C16-D2B2-49A5-A7EF-212BC751179B}.Debug|ORBIS.ActiveCfg = Debug|ORBIS
		{117E0C16-D2B2-49A5-A7EF-212BC751179B}.Debug|ORBIS.Build.0 = Debug|ORBIS
		{117E0C16-D2B2-49A5-A7EF-212BC751179B}.Debug|PSVita.ActiveCfg = Debug|ORBIS
		{117E0C16-D2B2-49A5-A7EF-212BC751179B}.Debug|x64.ActiveCfg = Debug|ORBIS
		{117E0C16-D2B2-49A5-A7EF-212BC751179B}.Debug|x86.ActiveCfg = Debug|ORBIS
		{117E0C16-D2B2-49A5-A7EF-212BC751179B}.Patch|ORBIS.ActiveCfg = Patch|ORBIS
		{117E0C16-D2B2-49A5-A7EF-212BC751179B}.Patch|ORBIS.Build.0 = Patch|ORBIS
		{117E0C16-D2B2-49A5-A7EF-212BC751179B}.Patch|PSVita.ActiveCfg = Patch|ORBIS
		{117E0C16-D2B2-49A5-A7EF-212BC751179B}.Patch|x64.ActiveCfg = Patch|ORBIS
		{117E0C16-D2B2-49A5-A7EF-212BC751179B}.Patch|x86.ActiveCfg = Patch|ORBIS
		{117E0C16-D2B2-49A5-A7EF-212BC751179B}.Release|ORBIS.ActiveCfg = Release|ORBIS
		{117E0C16-D2B2-49A5-A7EF-212BC751179B}.Release|ORBIS.Build.0 = Release|ORBIS
		{117E0C16-D2B2-49A5-A7EF-212BC751179B}.Release|PSVita.ActiveCfg = Release|ORBIS
		{117E0C16-D2B2-49A5-A7EF-212BC751179B}.Release|x64.ActiveCfg = Release|ORBIS
		{117E0C16-D2B2-49A5-A7EF-212BC751179B}.Release|x86.ActiveCfg = Release|ORBIS
		{1FD24EC0-8D9A-4C57-8B5C-422F1BCF62C0}.Debug|ORBIS.ActiveCfg = Debug|ORBIS
		{1FD24EC0-8D9A-4C57-8B5C-422F1BCF62C0}.Debug|ORBIS.Build.0 = Debug|ORBIS
		{1FD24EC0-8D9A-4C57-8B5C-422F1BCF62C0}.Debug|PSVita.ActiveCfg = Debug|ORBIS
		{1FD24EC0-8D9A-4C57-8B5C-422F1BCF62C0}.Debug|x64.ActiveCfg = Debug|ORBIS
		{1FD24EC0-8D9A-4C57-8B5C-422F1BCF62C0}.Debug|x86.ActiveCfg = Debug|ORBIS
		{1FD24EC0-8D9A-4C57-8B5C-422F1BCF62C0}.Patch|ORBIS.ActiveCfg = Release|ORBIS
		{1FD24EC0-8D9A-4C57-8B5C-422F1BCF62C0}.Patch|ORBIS.Build.0 = Release|ORBIS
		{1FD24EC0-8D9A-4C57-8B5C-422F1BCF62C0}.Patch|PSVita.ActiveCfg = Release|ORBIS
		{1FD24EC0-8D9A-4C57-8B5C-422F1BCF62C0}.Patch|PSVita.Build.0 = Release|ORBIS
		{1FD24EC0-8D9A-4C57-8B5C-422F1BCF62C0}.Patch|x64.ActiveCfg = Release|ORBIS
		{1FD24EC0-8D9A-4C57-8B5C-422F1BCF62C0}.Patch|x64.Build.0 = Release|ORBIS
		{1FD24EC0-8D9A-4C57-8B5C-422F1BCF62C0}.Patch|x86.ActiveCfg = Release|ORBIS
		{1FD24EC0-8D9A-4C57-8B5C-422F1BCF62C0}.Patch|x86.Build.0 = Release|ORBIS
		{1FD24EC0-8D9A-4C57-8B5C-422F1BCF62C0}.Release|ORBIS.ActiveCfg = Release|ORBIS
		{1FD24EC0-8D9A-4C57-8B5C-422F1BCF62C0}.Release|ORBIS.Build.0 = Release|ORBIS
		{1FD24EC0-8D9A-4C57-8B5C-422F1BCF62C0}.Release|PSVita.ActiveCfg = Release|ORBIS
		{1FD24EC0-8D9A-4C57-8B5C-422F1BCF62C0}.Release|x64.ActiveCfg = Release|ORBIS
		{1FD24EC0-8D9A-4C57-8B5C-422F1BCF62C0}.Release|x86.ActiveCfg = Release|ORBIS
		{C1F182EE-C781-4BC4-9C98-76E67D3D8068}.Debug|ORBIS.ActiveCfg = Debug|ORBIS
		{C1F182EE-C781-4BC4-9C98-76E67D3D8068}.Debug|ORBIS.Build.0 = Debug|ORBIS
		{C1F182EE-C781-4BC4-9C98-76E67D3D8068}.Debug|PSVita.ActiveCfg = Debug|ORBIS
		{C1F182EE-C781-4BC4-9C98-76E67D3D8068}.Debug|x64.ActiveCfg = Debug|ORBIS
		{C1F182EE-C781-4BC4-9C98-76E67D3D8068}.Debug|x86.ActiveCfg = Debug|ORBIS
		{C1F182EE-C781-4BC4-9C98-76E67D3D8068}.Patch|ORBIS.ActiveCfg = Release|ORBIS
		{C1F182EE-C781-4BC4-9C98-76E67D3D8068}.Patch|ORBIS.Build.0 = Release|ORBIS
		{C1F182EE-C781-4BC4-9C98-76E67D3D8068}.Patch|PSVita.ActiveCfg = Release|ORBIS
		{C1F182EE-C781-4BC4-9C98-76E67D3D8068}.Patch|PSVita.Build.0 = Release|ORBIS
		{C1F182EE-C781-4BC4-9C98-76E67D3D8068}.Patch|x64.ActiveCfg = Release|ORBIS
		{C1F182EE-C781-4BC4-9C98-76E67D3D8068}.Patch|x64.Build.0 = Release|ORBIS
		{C1F182EE-C781-4BC4-9C98-76E67D3D8068}.Patch|x86.ActiveCfg = Release|ORBIS
		{C1F182EE-C781-4BC4-9C98-76E67D3D8068}.Patch|x86.Build.0 = Release|ORBIS
		{C1F182EE-C781-4BC4-9C98-76E67D3D8068}.Release|ORBIS.ActiveCfg = Release|ORBIS
		{C1F182EE-C781-4BC4-9C98-76E67D3D8068}.Release|ORBIS.Build.0 = Release|ORBIS
		{C1F182EE-C781-4BC4-9C98-76E67D3D8068}.Release|PSVita.ActiveCfg = Release|ORBIS
		{C1F182EE-C781-4BC4-9C98-76E67D3D8068}.Release|x64.ActiveCfg = Release|ORBIS
		{C1F182EE-C781-4BC4-9C98-76E67D3D8068}.Release|x86.ActiveCfg = Release|ORBIS
		{518B6F8D-2E05-43BB-AB22-E96BF76269B6}.Debug|ORBIS.ActiveCfg = Debug|ORBIS
		{518B6F8D-2E05-43BB-AB22-E96BF76269B6}.Debug|ORBIS.Build.0 = Debug|ORBIS
		{518B6F8D-2E05-43BB-AB22-E96BF76269B6}.Debug|PSVita.ActiveCfg = Debug|ORBIS
		{518B6F8D-2E05-43BB-AB22-E96BF76269B6}.Debug|x64.ActiveCfg = Debug|ORBIS
		{518B6F8D-2E05-43BB-AB22-E96BF76269B6}.Debug|x86.ActiveCfg = Debug|ORBIS
		{518B6F8D-2E05-43BB-AB22-E96BF76269B6}.Patch|ORBIS.ActiveCfg = Patch|ORBIS
		{518B6F8D-2E05-43BB-AB22-E96BF76269B6}.Patch|ORBIS.Build.0 = Patch|ORBIS
		{518B6F8D-2E05-43BB-AB22-E96BF76269B6}.Patch|PSVita.ActiveCfg = Patch|ORBIS
		{518B6F8D-2E05-43BB-AB22-E96BF76269B6}.Patch|x64.ActiveCfg = Patch|ORBIS
		{518B6F8D-2E05-43BB-AB22-E96BF76269B6}.Patch|x86.ActiveCfg = Patch|ORBIS
		{518B6F8D-2E05-43BB-AB22-E96BF76269B6}.Release|ORBIS.ActiveCfg = Release|ORBIS
		{518B6F8D-2E05-43BB-AB22-E96BF76269B6}.Release|ORBIS.Build.0 = Release|ORBIS
		{518B6F8D-2E05-43BB-AB22-E96BF76269B6}.Release|PSVita.ActiveCfg = Release|ORBIS
		{518B6F8D-2E05-43BB-AB22-E96BF76269B6}.Release|x64.ActiveCfg = Release|ORBIS
		{518B6F8D-2E05-43BB-AB22-E96BF76269B6}.Release|x86.ActiveCfg = Release|ORBIS
	EndGlobalSection
	GlobalSection(SolutionProperties) = preSolution
		HideSolutionNode = FALSE
	EndGlobalSection
	GlobalSection(ExtensibilityGlobals) = postSolution
		SolutionGuid = {CA27A93B-1F5F-49F1-896C-8913F3D31F62}
	EndGlobalSection
EndGlobal
