<?xml version="1.0" encoding="utf-8"?>
<Project ToolsVersion="18.0" xmlns="http://schemas.microsoft.com/developer/msbuild/2003">
  <ItemGroup>
    <ClCompile Include="C:\Users\hyper\workspace\bg\okgame\lib\poco\Net\src\AbstractHTTPRequestHandler.cpp">
      <Filter>HTTPServer\Source Files</Filter>
    </ClCompile>
    <ClCompile Include="C:\Users\hyper\workspace\bg\okgame\lib\poco\Net\src\DNS.cpp">
      <Filter>NetCore\Source Files</Filter>
    </ClCompile>
    <ClCompile Include="C:\Users\hyper\workspace\bg\okgame\lib\poco\Net\src\DatagramSocket.cpp">
      <Filter>Sockets\Source Files</Filter>
    </ClCompile>
    <ClCompile Include="C:\Users\hyper\workspace\bg\okgame\lib\poco\Net\src\DatagramSocketImpl.cpp">
      <Filter>Sockets\Source Files</Filter>
    </ClCompile>
    <ClCompile Include="C:\Users\hyper\workspace\bg\okgame\lib\poco\Net\src\DialogSocket.cpp">
      <Filter>Sockets\Source Files</Filter>
    </ClCompile>
    <ClCompile Include="C:\Users\hyper\workspace\bg\okgame\lib\poco\Net\src\EscapeHTMLStream.cpp">
      <Filter>Mail\Source Files</Filter>
    </ClCompile>
    <ClCompile Include="C:\Users\hyper\workspace\bg\okgame\lib\poco\Net\src\FTPClientSession.cpp">
      <Filter>FTP\Source Files</Filter>
    </ClCompile>
    <ClCompile Include="C:\Users\hyper\workspace\bg\okgame\lib\poco\Net\src\FTPStreamFactory.cpp">
      <Filter>FTP\Source Files</Filter>
    </ClCompile>
    <ClCompile Include="C:\Users\hyper\workspace\bg\okgame\lib\poco\Net\src\FilePartSource.cpp">
      <Filter>Messages\Source Files</Filter>
    </ClCompile>
    <ClCompile Include="C:\Users\hyper\workspace\bg\okgame\lib\poco\Net\src\HTMLForm.cpp">
      <Filter>HTML\Source Files</Filter>
    </ClCompile>
    <ClCompile Include="C:\Users\hyper\workspace\bg\okgame\lib\poco\Net\src\HTTPAuthenticationParams.cpp">
      <Filter>HTTP\Source Files</Filter>
    </ClCompile>
    <ClCompile Include="C:\Users\hyper\workspace\bg\okgame\lib\poco\Net\src\HTTPBasicCredentials.cpp">
      <Filter>HTTP\Source Files</Filter>
    </ClCompile>
    <ClCompile Include="C:\Users\hyper\workspace\bg\okgame\lib\poco\Net\src\HTTPBufferAllocator.cpp">
      <Filter>HTTP\Source Files</Filter>
    </ClCompile>
    <ClCompile Include="C:\Users\hyper\workspace\bg\okgame\lib\poco\Net\src\HTTPChunkedStream.cpp">
      <Filter>HTTP\Source Files</Filter>
    </ClCompile>
    <ClCompile Include="C:\Users\hyper\workspace\bg\okgame\lib\poco\Net\src\HTTPClientSession.cpp">
      <Filter>HTTPClient\Source Files</Filter>
    </ClCompile>
    <ClCompile Include="C:\Users\hyper\workspace\bg\okgame\lib\poco\Net\src\HTTPCookie.cpp">
      <Filter>HTTP\Source Files</Filter>
    </ClCompile>
    <ClCompile Include="C:\Users\hyper\workspace\bg\okgame\lib\poco\Net\src\HTTPCredentials.cpp">
      <Filter>HTTP\Source Files</Filter>
    </ClCompile>
    <ClCompile Include="C:\Users\hyper\workspace\bg\okgame\lib\poco\Net\src\HTTPDigestCredentials.cpp">
      <Filter>HTTP\Source Files</Filter>
    </ClCompile>
    <ClCompile Include="C:\Users\hyper\workspace\bg\okgame\lib\poco\Net\src\HTTPFixedLengthStream.cpp">
      <Filter>HTTP\Source Files</Filter>
    </ClCompile>
    <ClCompile Include="C:\Users\hyper\workspace\bg\okgame\lib\poco\Net\src\HTTPHeaderStream.cpp">
      <Filter>HTTP\Source Files</Filter>
    </ClCompile>
    <ClCompile Include="C:\Users\hyper\workspace\bg\okgame\lib\poco\Net\src\HTTPIOStream.cpp">
      <Filter>HTTP\Source Files</Filter>
    </ClCompile>
    <ClCompile Include="C:\Users\hyper\workspace\bg\okgame\lib\poco\Net\src\HTTPMessage.cpp">
      <Filter>HTTP\Source Files</Filter>
    </ClCompile>
    <ClCompile Include="C:\Users\hyper\workspace\bg\okgame\lib\poco\Net\src\HTTPNTLMCredentials.cpp">
      <Filter>HTTP\Source Files</Filter>
    </ClCompile>
    <ClCompile Include="C:\Users\hyper\workspace\bg\okgame\lib\poco\Net\src\HTTPReactorServer.cpp">
      <Filter>Unknown\Source Files</Filter>
    </ClCompile>
    <ClCompile Include="C:\Users\hyper\workspace\bg\okgame\lib\poco\Net\src\HTTPReactorServerSession.cpp">
      <Filter>Unknown\Source Files</Filter>
    </ClCompile>
    <ClCompile Include="C:\Users\hyper\workspace\bg\okgame\lib\poco\Net\src\HTTPRequest.cpp">
      <Filter>HTTP\Source Files</Filter>
    </ClCompile>
    <ClCompile Include="C:\Users\hyper\workspace\bg\okgame\lib\poco\Net\src\HTTPRequestHandler.cpp">
      <Filter>HTTPServer\Source Files</Filter>
    </ClCompile>
    <ClCompile Include="C:\Users\hyper\workspace\bg\okgame\lib\poco\Net\src\HTTPRequestHandlerFactory.cpp">
      <Filter>HTTPServer\Source Files</Filter>
    </ClCompile>
    <ClCompile Include="C:\Users\hyper\workspace\bg\okgame\lib\poco\Net\src\HTTPResponse.cpp">
      <Filter>HTTP\Source Files</Filter>
    </ClCompile>
    <ClCompile Include="C:\Users\hyper\workspace\bg\okgame\lib\poco\Net\src\HTTPServer.cpp">
      <Filter>HTTPServer\Source Files</Filter>
    </ClCompile>
    <ClCompile Include="C:\Users\hyper\workspace\bg\okgame\lib\poco\Net\src\HTTPServerConnection.cpp">
      <Filter>HTTPServer\Source Files</Filter>
    </ClCompile>
    <ClCompile Include="C:\Users\hyper\workspace\bg\okgame\lib\poco\Net\src\HTTPServerConnectionFactory.cpp">
      <Filter>HTTPServer\Source Files</Filter>
    </ClCompile>
    <ClCompile Include="C:\Users\hyper\workspace\bg\okgame\lib\poco\Net\src\HTTPServerParams.cpp">
      <Filter>HTTPServer\Source Files</Filter>
    </ClCompile>
    <ClCompile Include="C:\Users\hyper\workspace\bg\okgame\lib\poco\Net\src\HTTPServerRequest.cpp">
      <Filter>HTTPServer\Source Files</Filter>
    </ClCompile>
    <ClCompile Include="C:\Users\hyper\workspace\bg\okgame\lib\poco\Net\src\HTTPServerRequestImpl.cpp">
      <Filter>HTTPServer\Source Files</Filter>
    </ClCompile>
    <ClCompile Include="C:\Users\hyper\workspace\bg\okgame\lib\poco\Net\src\HTTPServerResponse.cpp">
      <Filter>HTTPServer\Source Files</Filter>
    </ClCompile>
    <ClCompile Include="C:\Users\hyper\workspace\bg\okgame\lib\poco\Net\src\HTTPServerResponseImpl.cpp">
      <Filter>HTTPServer\Source Files</Filter>
    </ClCompile>
    <ClCompile Include="C:\Users\hyper\workspace\bg\okgame\lib\poco\Net\src\HTTPServerSession.cpp">
      <Filter>HTTPServer\Source Files</Filter>
    </ClCompile>
    <ClCompile Include="C:\Users\hyper\workspace\bg\okgame\lib\poco\Net\src\HTTPSession.cpp">
      <Filter>HTTP\Source Files</Filter>
    </ClCompile>
    <ClCompile Include="C:\Users\hyper\workspace\bg\okgame\lib\poco\Net\src\HTTPSessionFactory.cpp">
      <Filter>HTTPClient\Source Files</Filter>
    </ClCompile>
    <ClCompile Include="C:\Users\hyper\workspace\bg\okgame\lib\poco\Net\src\HTTPSessionInstantiator.cpp">
      <Filter>HTTPClient\Source Files</Filter>
    </ClCompile>
    <ClCompile Include="C:\Users\hyper\workspace\bg\okgame\lib\poco\Net\src\HTTPStream.cpp">
      <Filter>HTTP\Source Files</Filter>
    </ClCompile>
    <ClCompile Include="C:\Users\hyper\workspace\bg\okgame\lib\poco\Net\src\HTTPStreamFactory.cpp">
      <Filter>HTTP\Source Files</Filter>
    </ClCompile>
    <ClCompile Include="C:\Users\hyper\workspace\bg\okgame\lib\poco\Net\src\HostEntry.cpp">
      <Filter>NetCore\Source Files</Filter>
    </ClCompile>
    <ClCompile Include="C:\Users\hyper\workspace\bg\okgame\lib\poco\Net\src\ICMPClient.cpp">
      <Filter>ICMP\Source Files</Filter>
    </ClCompile>
    <ClCompile Include="C:\Users\hyper\workspace\bg\okgame\lib\poco\Net\src\ICMPEventArgs.cpp">
      <Filter>ICMP\Source Files</Filter>
    </ClCompile>
    <ClCompile Include="C:\Users\hyper\workspace\bg\okgame\lib\poco\Net\src\ICMPPacket.cpp">
      <Filter>ICMP\Source Files</Filter>
    </ClCompile>
    <ClCompile Include="C:\Users\hyper\workspace\bg\okgame\lib\poco\Net\src\ICMPPacketImpl.cpp">
      <Filter>ICMP\Source Files</Filter>
    </ClCompile>
    <ClCompile Include="C:\Users\hyper\workspace\bg\okgame\lib\poco\Net\src\ICMPSocket.cpp">
      <Filter>ICMP\Source Files</Filter>
    </ClCompile>
    <ClCompile Include="C:\Users\hyper\workspace\bg\okgame\lib\poco\Net\src\ICMPSocketImpl.cpp">
      <Filter>ICMP\Source Files</Filter>
    </ClCompile>
    <ClCompile Include="C:\Users\hyper\workspace\bg\okgame\lib\poco\Net\src\ICMPv4PacketImpl.cpp">
      <Filter>ICMP\Source Files</Filter>
    </ClCompile>
    <ClCompile Include="C:\Users\hyper\workspace\bg\okgame\lib\poco\Net\src\IPAddress.cpp">
      <Filter>NetCore\Source Files</Filter>
    </ClCompile>
    <ClCompile Include="C:\Users\hyper\workspace\bg\okgame\lib\poco\Net\src\IPAddressImpl.cpp">
      <Filter>NetCore\Source Files</Filter>
    </ClCompile>
    <ClCompile Include="C:\Users\hyper\workspace\bg\okgame\lib\poco\Net\src\MailMessage.cpp">
      <Filter>Mail\Source Files</Filter>
    </ClCompile>
    <ClCompile Include="C:\Users\hyper\workspace\bg\okgame\lib\poco\Net\src\MailRecipient.cpp">
      <Filter>Mail\Source Files</Filter>
    </ClCompile>
    <ClCompile Include="C:\Users\hyper\workspace\bg\okgame\lib\poco\Net\src\MailStream.cpp">
      <Filter>Mail\Source Files</Filter>
    </ClCompile>
    <ClCompile Include="C:\Users\hyper\workspace\bg\okgame\lib\poco\Net\src\MediaType.cpp">
      <Filter>Messages\Source Files</Filter>
    </ClCompile>
    <ClCompile Include="C:\Users\hyper\workspace\bg\okgame\lib\poco\Net\src\MessageHeader.cpp">
      <Filter>Messages\Source Files</Filter>
    </ClCompile>
    <ClCompile Include="C:\Users\hyper\workspace\bg\okgame\lib\poco\Net\src\MulticastSocket.cpp">
      <Filter>Sockets\Source Files</Filter>
    </ClCompile>
    <ClCompile Include="C:\Users\hyper\workspace\bg\okgame\lib\poco\Net\src\MultipartReader.cpp">
      <Filter>Messages\Source Files</Filter>
    </ClCompile>
    <ClCompile Include="C:\Users\hyper\workspace\bg\okgame\lib\poco\Net\src\MultipartWriter.cpp">
      <Filter>Messages\Source Files</Filter>
    </ClCompile>
    <ClCompile Include="C:\Users\hyper\workspace\bg\okgame\lib\poco\Net\src\NTLMCredentials.cpp">
      <Filter>NTLM\Source Files</Filter>
    </ClCompile>
    <ClCompile Include="C:\Users\hyper\workspace\bg\okgame\lib\poco\Net\src\NTPClient.cpp">
      <Filter>NTP\Source Files</Filter>
    </ClCompile>
    <ClCompile Include="C:\Users\hyper\workspace\bg\okgame\lib\poco\Net\src\NTPEventArgs.cpp">
      <Filter>NTP\Source Files</Filter>
    </ClCompile>
    <ClCompile Include="C:\Users\hyper\workspace\bg\okgame\lib\poco\Net\src\NTPPacket.cpp">
      <Filter>NTP\Source Files</Filter>
    </ClCompile>
    <ClCompile Include="C:\Users\hyper\workspace\bg\okgame\lib\poco\Net\src\NameValueCollection.cpp">
      <Filter>Messages\Source Files</Filter>
    </ClCompile>
    <ClCompile Include="C:\Users\hyper\workspace\bg\okgame\lib\poco\Net\src\Net.cpp">
      <Filter>NetCore\Source Files</Filter>
    </ClCompile>
    <ClCompile Include="C:\Users\hyper\workspace\bg\okgame\lib\poco\Net\src\NetException.cpp">
      <Filter>NetCore\Source Files</Filter>
    </ClCompile>
    <ClCompile Include="C:\Users\hyper\workspace\bg\okgame\lib\poco\Net\src\NetworkInterface.cpp">
      <Filter>NetCore\Source Files</Filter>
    </ClCompile>
    <ClCompile Include="C:\Users\hyper\workspace\bg\okgame\lib\poco\Net\src\NullPartHandler.cpp">
      <Filter>Messages\Source Files</Filter>
    </ClCompile>
    <ClCompile Include="C:\Users\hyper\workspace\bg\okgame\lib\poco\Net\src\OAuth10Credentials.cpp">
      <Filter>OAuth\Source Files</Filter>
    </ClCompile>
    <ClCompile Include="C:\Users\hyper\workspace\bg\okgame\lib\poco\Net\src\OAuth20Credentials.cpp">
      <Filter>OAuth\Source Files</Filter>
    </ClCompile>
    <ClCompile Include="C:\Users\hyper\workspace\bg\okgame\lib\poco\Net\src\POP3ClientSession.cpp">
      <Filter>Mail\Source Files</Filter>
    </ClCompile>
    <ClCompile Include="C:\Users\hyper\workspace\bg\okgame\lib\poco\Net\src\PartHandler.cpp">
      <Filter>Messages\Source Files</Filter>
    </ClCompile>
    <ClCompile Include="C:\Users\hyper\workspace\bg\okgame\lib\poco\Net\src\PartSource.cpp">
      <Filter>Messages\Source Files</Filter>
    </ClCompile>
    <ClCompile Include="C:\Users\hyper\workspace\bg\okgame\lib\poco\Net\src\PartStore.cpp">
      <Filter>Messages\Source Files</Filter>
    </ClCompile>
    <ClCompile Include="C:\Users\hyper\workspace\bg\okgame\lib\poco\Net\src\PollSet.cpp">
      <Filter>Sockets\Source Files</Filter>
    </ClCompile>
    <ClCompile Include="C:\Users\hyper\workspace\bg\okgame\lib\poco\Net\src\QuotedPrintableDecoder.cpp">
      <Filter>Messages\Source Files</Filter>
    </ClCompile>
    <ClCompile Include="C:\Users\hyper\workspace\bg\okgame\lib\poco\Net\src\QuotedPrintableEncoder.cpp">
      <Filter>Messages\Source Files</Filter>
    </ClCompile>
    <ClCompile Include="C:\Users\hyper\workspace\bg\okgame\lib\poco\Net\src\RawSocket.cpp">
      <Filter>Sockets\Source Files</Filter>
    </ClCompile>
    <ClCompile Include="C:\Users\hyper\workspace\bg\okgame\lib\poco\Net\src\RawSocketImpl.cpp">
      <Filter>Sockets\Source Files</Filter>
    </ClCompile>
    <ClCompile Include="C:\Users\hyper\workspace\bg\okgame\lib\poco\Net\src\RemoteSyslogChannel.cpp">
      <Filter>Logging\Source Files</Filter>
    </ClCompile>
    <ClCompile Include="C:\Users\hyper\workspace\bg\okgame\lib\poco\Net\src\RemoteSyslogListener.cpp">
      <Filter>Logging\Source Files</Filter>
    </ClCompile>
    <ClCompile Include="C:\Users\hyper\workspace\bg\okgame\lib\poco\Net\src\SMTPChannel.cpp">
      <Filter>Logging\Source Files</Filter>
    </ClCompile>
    <ClCompile Include="C:\Users\hyper\workspace\bg\okgame\lib\poco\Net\src\SMTPClientSession.cpp">
      <Filter>Mail\Source Files</Filter>
    </ClCompile>
    <ClCompile Include="C:\Users\hyper\workspace\bg\okgame\lib\poco\Net\src\SSPINTLMCredentials.cpp">
      <Filter>NTLM\Source Files</Filter>
    </ClCompile>
    <ClCompile Include="C:\Users\hyper\workspace\bg\okgame\lib\poco\Net\src\ServerSocket.cpp">
      <Filter>Sockets\Source Files</Filter>
    </ClCompile>
    <ClCompile Include="C:\Users\hyper\workspace\bg\okgame\lib\poco\Net\src\ServerSocketImpl.cpp">
      <Filter>Sockets\Source Files</Filter>
    </ClCompile>
    <ClCompile Include="C:\Users\hyper\workspace\bg\okgame\lib\poco\Net\src\Socket.cpp">
      <Filter>Sockets\Source Files</Filter>
    </ClCompile>
    <ClCompile Include="C:\Users\hyper\workspace\bg\okgame\lib\poco\Net\src\SocketAddress.cpp">
      <Filter>NetCore\Source Files</Filter>
    </ClCompile>
    <ClCompile Include="C:\Users\hyper\workspace\bg\okgame\lib\poco\Net\src\SocketAddressImpl.cpp">
      <Filter>NetCore\Source Files</Filter>
    </ClCompile>
    <ClCompile Include="C:\Users\hyper\workspace\bg\okgame\lib\poco\Net\src\SocketImpl.cpp">
      <Filter>Sockets\Source Files</Filter>
    </ClCompile>
    <ClCompile Include="C:\Users\hyper\workspace\bg\okgame\lib\poco\Net\src\SocketNotification.cpp">
      <Filter>Reactor\Source Files</Filter>
    </ClCompile>
    <ClCompile Include="C:\Users\hyper\workspace\bg\okgame\lib\poco\Net\src\SocketNotifier.cpp">
      <Filter>Reactor\Source Files</Filter>
    </ClCompile>
    <ClCompile Include="C:\Users\hyper\workspace\bg\okgame\lib\poco\Net\src\SocketProactor.cpp">
      <Filter>Sockets\Source Files</Filter>
    </ClCompile>
    <ClCompile Include="C:\Users\hyper\workspace\bg\okgame\lib\poco\Net\src\SocketReactor.cpp">
      <Filter>Reactor\Source Files</Filter>
    </ClCompile>
    <ClCompile Include="C:\Users\hyper\workspace\bg\okgame\lib\poco\Net\src\SocketStream.cpp">
      <Filter>Sockets\Source Files</Filter>
    </ClCompile>
    <ClCompile Include="C:\Users\hyper\workspace\bg\okgame\lib\poco\Net\src\StreamSocket.cpp">
      <Filter>Sockets\Source Files</Filter>
    </ClCompile>
    <ClCompile Include="C:\Users\hyper\workspace\bg\okgame\lib\poco\Net\src\StreamSocketImpl.cpp">
      <Filter>Sockets\Source Files</Filter>
    </ClCompile>
    <ClCompile Include="C:\Users\hyper\workspace\bg\okgame\lib\poco\Net\src\StringPartSource.cpp">
      <Filter>Messages\Source Files</Filter>
    </ClCompile>
    <ClCompile Include="C:\Users\hyper\workspace\bg\okgame\lib\poco\Net\src\TCPReactorAcceptor.cpp">
      <Filter>Unknown\Source Files</Filter>
    </ClCompile>
    <ClCompile Include="C:\Users\hyper\workspace\bg\okgame\lib\poco\Net\src\TCPReactorServer.cpp">
      <Filter>Unknown\Source Files</Filter>
    </ClCompile>
    <ClCompile Include="C:\Users\hyper\workspace\bg\okgame\lib\poco\Net\src\TCPReactorServerConnection.cpp">
      <Filter>Unknown\Source Files</Filter>
    </ClCompile>
    <ClCompile Include="C:\Users\hyper\workspace\bg\okgame\lib\poco\Net\src\TCPServer.cpp">
      <Filter>TCPServer\Source Files</Filter>
    </ClCompile>
    <ClCompile Include="C:\Users\hyper\workspace\bg\okgame\lib\poco\Net\src\TCPServerConnection.cpp">
      <Filter>TCPServer\Source Files</Filter>
    </ClCompile>
    <ClCompile Include="C:\Users\hyper\workspace\bg\okgame\lib\poco\Net\src\TCPServerConnectionFactory.cpp">
      <Filter>TCPServer\Source Files</Filter>
    </ClCompile>
    <ClCompile Include="C:\Users\hyper\workspace\bg\okgame\lib\poco\Net\src\TCPServerDispatcher.cpp">
      <Filter>TCPServer\Source Files</Filter>
    </ClCompile>
    <ClCompile Include="C:\Users\hyper\workspace\bg\okgame\lib\poco\Net\src\TCPServerParams.cpp">
      <Filter>TCPServer\Source Files</Filter>
    </ClCompile>
    <ClCompile Include="C:\Users\hyper\workspace\bg\okgame\lib\poco\Net\src\UDPClient.cpp">
      <Filter>UDP\Source Files</Filter>
    </ClCompile>
    <ClCompile Include="C:\Users\hyper\workspace\bg\okgame\lib\poco\Net\src\UDPServerParams.cpp">
      <Filter>UDP\Source Files</Filter>
    </ClCompile>
    <ClCompile Include="C:\Users\hyper\workspace\bg\okgame\lib\poco\Net\src\WebSocket.cpp">
      <Filter>WebSocket\Source Files</Filter>
    </ClCompile>
    <ClCompile Include="C:\Users\hyper\workspace\bg\okgame\lib\poco\Net\src\WebSocketImpl.cpp">
      <Filter>WebSocket\Source Files</Filter>
    </ClCompile>
  </ItemGroup>
  <ItemGroup>
    <ClInclude Include="C:\Users\hyper\workspace\bg\okgame\lib\poco\Net\include\Poco\Net\AbstractHTTPRequestHandler.h">
      <Filter>HTTPServer\Header Files</Filter>
    </ClInclude>
    <ClInclude Include="C:\Users\hyper\workspace\bg\okgame\lib\poco\Net\include\Poco\Net\DNS.h">
      <Filter>NetCore\Header Files</Filter>
    </ClInclude>
    <ClInclude Include="C:\Users\hyper\workspace\bg\okgame\lib\poco\Net\include\Poco\Net\DatagramSocket.h">
      <Filter>Sockets\Header Files</Filter>
    </ClInclude>
    <ClInclude Include="C:\Users\hyper\workspace\bg\okgame\lib\poco\Net\include\Poco\Net\DatagramSocketImpl.h">
      <Filter>Sockets\Header Files</Filter>
    </ClInclude>
    <ClInclude Include="C:\Users\hyper\workspace\bg\okgame\lib\poco\Net\include\Poco\Net\DialogSocket.h">
      <Filter>Sockets\Header Files</Filter>
    </ClInclude>
    <ClInclude Include="C:\Users\hyper\workspace\bg\okgame\lib\poco\Net\include\Poco\Net\EscapeHTMLStream.h">
      <Filter>HTTP\Header Files</Filter>
    </ClInclude>
    <ClInclude Include="C:\Users\hyper\workspace\bg\okgame\lib\poco\Net\include\Poco\Net\FTPClientSession.h">
      <Filter>FTP\Header Files</Filter>
    </ClInclude>
    <ClInclude Include="C:\Users\hyper\workspace\bg\okgame\lib\poco\Net\include\Poco\Net\FTPStreamFactory.h">
      <Filter>FTP\Header Files</Filter>
    </ClInclude>
    <ClInclude Include="C:\Users\hyper\workspace\bg\okgame\lib\poco\Net\include\Poco\Net\FilePartSource.h">
      <Filter>Messages\Header Files</Filter>
    </ClInclude>
    <ClInclude Include="C:\Users\hyper\workspace\bg\okgame\lib\poco\Net\include\Poco\Net\HTMLForm.h">
      <Filter>HTML\Header Files</Filter>
    </ClInclude>
    <ClInclude Include="C:\Users\hyper\workspace\bg\okgame\lib\poco\Net\include\Poco\Net\HTTPAuthenticationParams.h">
      <Filter>HTTP\Header Files</Filter>
    </ClInclude>
    <ClInclude Include="C:\Users\hyper\workspace\bg\okgame\lib\poco\Net\include\Poco\Net\HTTPBasicCredentials.h">
      <Filter>HTTP\Header Files</Filter>
    </ClInclude>
    <ClInclude Include="C:\Users\hyper\workspace\bg\okgame\lib\poco\Net\include\Poco\Net\HTTPBasicStreamBuf.h">
      <Filter>HTTP\Header Files</Filter>
    </ClInclude>
    <ClInclude Include="C:\Users\hyper\workspace\bg\okgame\lib\poco\Net\include\Poco\Net\HTTPBufferAllocator.h">
      <Filter>HTTP\Header Files</Filter>
    </ClInclude>
    <ClInclude Include="C:\Users\hyper\workspace\bg\okgame\lib\poco\Net\include\Poco\Net\HTTPChunkedStream.h">
      <Filter>HTTP\Header Files</Filter>
    </ClInclude>
    <ClInclude Include="C:\Users\hyper\workspace\bg\okgame\lib\poco\Net\include\Poco\Net\HTTPClientSession.h">
      <Filter>HTTPClient\Header Files</Filter>
    </ClInclude>
    <ClInclude Include="C:\Users\hyper\workspace\bg\okgame\lib\poco\Net\include\Poco\Net\HTTPCookie.h">
      <Filter>HTTP\Header Files</Filter>
    </ClInclude>
    <ClInclude Include="C:\Users\hyper\workspace\bg\okgame\lib\poco\Net\include\Poco\Net\HTTPCredentials.h">
      <Filter>HTTP\Header Files</Filter>
    </ClInclude>
    <ClInclude Include="C:\Users\hyper\workspace\bg\okgame\lib\poco\Net\include\Poco\Net\HTTPDigestCredentials.h">
      <Filter>HTTP\Header Files</Filter>
    </ClInclude>
    <ClInclude Include="C:\Users\hyper\workspace\bg\okgame\lib\poco\Net\include\Poco\Net\HTTPFixedLengthStream.h">
      <Filter>HTTP\Header Files</Filter>
    </ClInclude>
    <ClInclude Include="C:\Users\hyper\workspace\bg\okgame\lib\poco\Net\include\Poco\Net\HTTPHeaderStream.h">
      <Filter>HTTP\Header Files</Filter>
    </ClInclude>
    <ClInclude Include="C:\Users\hyper\workspace\bg\okgame\lib\poco\Net\include\Poco\Net\HTTPIOStream.h">
      <Filter>HTTP\Header Files</Filter>
    </ClInclude>
    <ClInclude Include="C:\Users\hyper\workspace\bg\okgame\lib\poco\Net\include\Poco\Net\HTTPMessage.h">
      <Filter>HTTP\Header Files</Filter>
    </ClInclude>
    <ClInclude Include="C:\Users\hyper\workspace\bg\okgame\lib\poco\Net\include\Poco\Net\HTTPNTLMCredentials.h">
      <Filter>HTTP\Header Files</Filter>
    </ClInclude>
    <ClInclude Include="C:\Users\hyper\workspace\bg\okgame\lib\poco\Net\include\Poco\Net\HTTPObserver.h">
      <Filter>Net\Header Files</Filter>
    </ClInclude>
    <ClInclude Include="C:\Users\hyper\workspace\bg\okgame\lib\poco\Net\include\Poco\Net\HTTPReactorServer.h">
      <Filter>Unknown\Header Files</Filter>
    </ClInclude>
    <ClInclude Include="C:\Users\hyper\workspace\bg\okgame\lib\poco\Net\include\Poco\Net\HTTPReactorServerSession.h">
      <Filter>Unknown\Header Files</Filter>
    </ClInclude>
    <ClInclude Include="C:\Users\hyper\workspace\bg\okgame\lib\poco\Net\include\Poco\Net\HTTPRequest.h">
      <Filter>HTTP\Header Files</Filter>
    </ClInclude>
    <ClInclude Include="C:\Users\hyper\workspace\bg\okgame\lib\poco\Net\include\Poco\Net\HTTPRequestHandler.h">
      <Filter>HTTPServer\Header Files</Filter>
    </ClInclude>
    <ClInclude Include="C:\Users\hyper\workspace\bg\okgame\lib\poco\Net\include\Poco\Net\HTTPRequestHandlerFactory.h">
      <Filter>HTTPServer\Header Files</Filter>
    </ClInclude>
    <ClInclude Include="C:\Users\hyper\workspace\bg\okgame\lib\poco\Net\include\Poco\Net\HTTPResponse.h">
      <Filter>HTTP\Header Files</Filter>
    </ClInclude>
    <ClInclude Include="C:\Users\hyper\workspace\bg\okgame\lib\poco\Net\include\Poco\Net\HTTPServer.h">
      <Filter>HTTPServer\Header Files</Filter>
    </ClInclude>
    <ClInclude Include="C:\Users\hyper\workspace\bg\okgame\lib\poco\Net\include\Poco\Net\HTTPServerConnection.h">
      <Filter>HTTPServer\Header Files</Filter>
    </ClInclude>
    <ClInclude Include="C:\Users\hyper\workspace\bg\okgame\lib\poco\Net\include\Poco\Net\HTTPServerConnectionFactory.h">
      <Filter>HTTPServer\Header Files</Filter>
    </ClInclude>
    <ClInclude Include="C:\Users\hyper\workspace\bg\okgame\lib\poco\Net\include\Poco\Net\HTTPServerParams.h">
      <Filter>HTTPServer\Header Files</Filter>
    </ClInclude>
    <ClInclude Include="C:\Users\hyper\workspace\bg\okgame\lib\poco\Net\include\Poco\Net\HTTPServerRequest.h">
      <Filter>HTTPServer\Header Files</Filter>
    </ClInclude>
    <ClInclude Include="C:\Users\hyper\workspace\bg\okgame\lib\poco\Net\include\Poco\Net\HTTPServerRequestImpl.h">
      <Filter>HTTPServer\Header Files</Filter>
    </ClInclude>
    <ClInclude Include="C:\Users\hyper\workspace\bg\okgame\lib\poco\Net\include\Poco\Net\HTTPServerResponse.h">
      <Filter>HTTPServer\Header Files</Filter>
    </ClInclude>
    <ClInclude Include="C:\Users\hyper\workspace\bg\okgame\lib\poco\Net\include\Poco\Net\HTTPServerResponseImpl.h">
      <Filter>HTTPServer\Header Files</Filter>
    </ClInclude>
    <ClInclude Include="C:\Users\hyper\workspace\bg\okgame\lib\poco\Net\include\Poco\Net\HTTPServerSession.h">
      <Filter>HTTPServer\Header Files</Filter>
    </ClInclude>
    <ClInclude Include="C:\Users\hyper\workspace\bg\okgame\lib\poco\Net\include\Poco\Net\HTTPSession.h">
      <Filter>HTTP\Header Files</Filter>
    </ClInclude>
    <ClInclude Include="C:\Users\hyper\workspace\bg\okgame\lib\poco\Net\include\Poco\Net\HTTPSessionFactory.h">
      <Filter>HTTPClient\Header Files</Filter>
    </ClInclude>
    <ClInclude Include="C:\Users\hyper\workspace\bg\okgame\lib\poco\Net\include\Poco\Net\HTTPSessionInstantiator.h">
      <Filter>HTTPClient\Header Files</Filter>
    </ClInclude>
    <ClInclude Include="C:\Users\hyper\workspace\bg\okgame\lib\poco\Net\include\Poco\Net\HTTPStream.h">
      <Filter>HTTP\Header Files</Filter>
    </ClInclude>
    <ClInclude Include="C:\Users\hyper\workspace\bg\okgame\lib\poco\Net\include\Poco\Net\HTTPStreamFactory.h">
      <Filter>HTTP\Header Files</Filter>
    </ClInclude>
    <ClInclude Include="C:\Users\hyper\workspace\bg\okgame\lib\poco\Net\include\Poco\Net\HostEntry.h">
      <Filter>NetCore\Header Files</Filter>
    </ClInclude>
    <ClInclude Include="C:\Users\hyper\workspace\bg\okgame\lib\poco\Net\include\Poco\Net\ICMPClient.h">
      <Filter>ICMP\Header Files</Filter>
    </ClInclude>
    <ClInclude Include="C:\Users\hyper\workspace\bg\okgame\lib\poco\Net\include\Poco\Net\ICMPEventArgs.h">
      <Filter>ICMP\Header Files</Filter>
    </ClInclude>
    <ClInclude Include="C:\Users\hyper\workspace\bg\okgame\lib\poco\Net\include\Poco\Net\ICMPPacket.h">
      <Filter>ICMP\Header Files</Filter>
    </ClInclude>
    <ClInclude Include="C:\Users\hyper\workspace\bg\okgame\lib\poco\Net\include\Poco\Net\ICMPPacketImpl.h">
      <Filter>ICMP\Header Files</Filter>
    </ClInclude>
    <ClInclude Include="C:\Users\hyper\workspace\bg\okgame\lib\poco\Net\include\Poco\Net\ICMPSocket.h">
      <Filter>ICMP\Header Files</Filter>
    </ClInclude>
    <ClInclude Include="C:\Users\hyper\workspace\bg\okgame\lib\poco\Net\include\Poco\Net\ICMPSocketImpl.h">
      <Filter>ICMP\Header Files</Filter>
    </ClInclude>
    <ClInclude Include="C:\Users\hyper\workspace\bg\okgame\lib\poco\Net\include\Poco\Net\ICMPv4PacketImpl.h">
      <Filter>ICMP\Header Files</Filter>
    </ClInclude>
    <ClInclude Include="C:\Users\hyper\workspace\bg\okgame\lib\poco\Net\include\Poco\Net\IPAddress.h">
      <Filter>NetCore\Header Files</Filter>
    </ClInclude>
    <ClInclude Include="C:\Users\hyper\workspace\bg\okgame\lib\poco\Net\include\Poco\Net\IPAddressImpl.h">
      <Filter>NetCore\Header Files</Filter>
    </ClInclude>
    <ClInclude Include="C:\Users\hyper\workspace\bg\okgame\lib\poco\Net\include\Poco\Net\MailMessage.h">
      <Filter>Mail\Header Files</Filter>
    </ClInclude>
    <ClInclude Include="C:\Users\hyper\workspace\bg\okgame\lib\poco\Net\include\Poco\Net\MailRecipient.h">
      <Filter>Mail\Header Files</Filter>
    </ClInclude>
    <ClInclude Include="C:\Users\hyper\workspace\bg\okgame\lib\poco\Net\include\Poco\Net\MailStream.h">
      <Filter>Mail\Header Files</Filter>
    </ClInclude>
    <ClInclude Include="C:\Users\hyper\workspace\bg\okgame\lib\poco\Net\include\Poco\Net\MediaType.h">
      <Filter>Messages\Header Files</Filter>
    </ClInclude>
    <ClInclude Include="C:\Users\hyper\workspace\bg\okgame\lib\poco\Net\include\Poco\Net\MessageHeader.h">
      <Filter>Messages\Header Files</Filter>
    </ClInclude>
    <ClInclude Include="C:\Users\hyper\workspace\bg\okgame\lib\poco\Net\include\Poco\Net\MultiSocketPoller.h">
      <Filter>UDP\Header Files</Filter>
    </ClInclude>
    <ClInclude Include="C:\Users\hyper\workspace\bg\okgame\lib\poco\Net\include\Poco\Net\MulticastSocket.h">
      <Filter>Sockets\Header Files</Filter>
    </ClInclude>
    <ClInclude Include="C:\Users\hyper\workspace\bg\okgame\lib\poco\Net\include\Poco\Net\MultipartReader.h">
      <Filter>Messages\Header Files</Filter>
    </ClInclude>
    <ClInclude Include="C:\Users\hyper\workspace\bg\okgame\lib\poco\Net\include\Poco\Net\MultipartWriter.h">
      <Filter>Messages\Header Files</Filter>
    </ClInclude>
    <ClInclude Include="C:\Users\hyper\workspace\bg\okgame\lib\poco\Net\include\Poco\Net\NTLMCredentials.h">
      <Filter>NTLM\Header Files</Filter>
    </ClInclude>
    <ClInclude Include="C:\Users\hyper\workspace\bg\okgame\lib\poco\Net\include\Poco\Net\NTPClient.h">
      <Filter>NTP\Header Files</Filter>
    </ClInclude>
    <ClInclude Include="C:\Users\hyper\workspace\bg\okgame\lib\poco\Net\include\Poco\Net\NTPEventArgs.h">
      <Filter>NTP\Header Files</Filter>
    </ClInclude>
    <ClInclude Include="C:\Users\hyper\workspace\bg\okgame\lib\poco\Net\include\Poco\Net\NTPPacket.h">
      <Filter>NTP\Header Files</Filter>
    </ClInclude>
    <ClInclude Include="C:\Users\hyper\workspace\bg\okgame\lib\poco\Net\include\Poco\Net\NameValueCollection.h">
      <Filter>Messages\Header Files</Filter>
    </ClInclude>
    <ClInclude Include="C:\Users\hyper\workspace\bg\okgame\lib\poco\Net\include\Poco\Net\Net.h">
      <Filter>NetCore\Header Files</Filter>
    </ClInclude>
    <ClInclude Include="C:\Users\hyper\workspace\bg\okgame\lib\poco\Net\include\Poco\Net\NetException.h">
      <Filter>NetCore\Header Files</Filter>
    </ClInclude>
    <ClInclude Include="C:\Users\hyper\workspace\bg\okgame\lib\poco\Net\include\Poco\Net\NetworkInterface.h">
      <Filter>Sockets\Header Files</Filter>
    </ClInclude>
    <ClInclude Include="C:\Users\hyper\workspace\bg\okgame\lib\poco\Net\include\Poco\Net\NullPartHandler.h">
      <Filter>Messages\Header Files</Filter>
    </ClInclude>
    <ClInclude Include="C:\Users\hyper\workspace\bg\okgame\lib\poco\Net\include\Poco\Net\OAuth10Credentials.h">
      <Filter>OAuth\Header Files</Filter>
    </ClInclude>
    <ClInclude Include="C:\Users\hyper\workspace\bg\okgame\lib\poco\Net\include\Poco\Net\OAuth20Credentials.h">
      <Filter>OAuth\Header Files</Filter>
    </ClInclude>
    <ClInclude Include="C:\Users\hyper\workspace\bg\okgame\lib\poco\Net\include\Poco\Net\POP3ClientSession.h">
      <Filter>Mail\Header Files</Filter>
    </ClInclude>
    <ClInclude Include="C:\Users\hyper\workspace\bg\okgame\lib\poco\Net\include\Poco\Net\ParallelSocketAcceptor.h">
      <Filter>Reactor\Header Files</Filter>
    </ClInclude>
    <ClInclude Include="C:\Users\hyper\workspace\bg\okgame\lib\poco\Net\include\Poco\Net\ParallelSocketReactor.h">
      <Filter>Reactor\Header Files</Filter>
    </ClInclude>
    <ClInclude Include="C:\Users\hyper\workspace\bg\okgame\lib\poco\Net\include\Poco\Net\PartHandler.h">
      <Filter>Messages\Header Files</Filter>
    </ClInclude>
    <ClInclude Include="C:\Users\hyper\workspace\bg\okgame\lib\poco\Net\include\Poco\Net\PartSource.h">
      <Filter>Messages\Header Files</Filter>
    </ClInclude>
    <ClInclude Include="C:\Users\hyper\workspace\bg\okgame\lib\poco\Net\include\Poco\Net\PartStore.h">
      <Filter>Messages\Header Files</Filter>
    </ClInclude>
    <ClInclude Include="C:\Users\hyper\workspace\bg\okgame\lib\poco\Net\include\Poco\Net\PollSet.h">
      <Filter>Sockets\Header Files</Filter>
    </ClInclude>
    <ClInclude Include="C:\Users\hyper\workspace\bg\okgame\lib\poco\Net\include\Poco\Net\QuotedPrintableDecoder.h">
      <Filter>Messages\Header Files</Filter>
    </ClInclude>
    <ClInclude Include="C:\Users\hyper\workspace\bg\okgame\lib\poco\Net\include\Poco\Net\QuotedPrintableEncoder.h">
      <Filter>Messages\Header Files</Filter>
    </ClInclude>
    <ClInclude Include="C:\Users\hyper\workspace\bg\okgame\lib\poco\Net\include\Poco\Net\RawSocket.h">
      <Filter>Sockets\Header Files</Filter>
    </ClInclude>
    <ClInclude Include="C:\Users\hyper\workspace\bg\okgame\lib\poco\Net\include\Poco\Net\RawSocketImpl.h">
      <Filter>Sockets\Header Files</Filter>
    </ClInclude>
    <ClInclude Include="C:\Users\hyper\workspace\bg\okgame\lib\poco\Net\include\Poco\Net\RemoteSyslogChannel.h">
      <Filter>Logging\Header Files</Filter>
    </ClInclude>
    <ClInclude Include="C:\Users\hyper\workspace\bg\okgame\lib\poco\Net\include\Poco\Net\RemoteSyslogListener.h">
      <Filter>Logging\Header Files</Filter>
    </ClInclude>
    <ClInclude Include="C:\Users\hyper\workspace\bg\okgame\lib\poco\Net\include\Poco\Net\SMTPChannel.h">
      <Filter>Logging\Header Files</Filter>
    </ClInclude>
    <ClInclude Include="C:\Users\hyper\workspace\bg\okgame\lib\poco\Net\include\Poco\Net\SMTPClientSession.h">
      <Filter>Mail\Header Files</Filter>
    </ClInclude>
    <ClInclude Include="C:\Users\hyper\workspace\bg\okgame\lib\poco\Net\include\Poco\Net\SSPINTLMCredentials.h">
      <Filter>NTLM\Header Files</Filter>
    </ClInclude>
    <ClInclude Include="C:\Users\hyper\workspace\bg\okgame\lib\poco\Net\include\Poco\Net\ServerSocket.h">
      <Filter>Sockets\Header Files</Filter>
    </ClInclude>
    <ClInclude Include="C:\Users\hyper\workspace\bg\okgame\lib\poco\Net\include\Poco\Net\ServerSocketImpl.h">
      <Filter>Sockets\Header Files</Filter>
    </ClInclude>
    <ClInclude Include="C:\Users\hyper\workspace\bg\okgame\lib\poco\Net\include\Poco\Net\SingleSocketPoller.h">
      <Filter>UDP\Header Files</Filter>
    </ClInclude>
    <ClInclude Include="C:\Users\hyper\workspace\bg\okgame\lib\poco\Net\include\Poco\Net\Socket.h">
      <Filter>Sockets\Header Files</Filter>
    </ClInclude>
    <ClInclude Include="C:\Users\hyper\workspace\bg\okgame\lib\poco\Net\include\Poco\Net\SocketAcceptor.h">
      <Filter>Reactor\Header Files</Filter>
    </ClInclude>
    <ClInclude Include="C:\Users\hyper\workspace\bg\okgame\lib\poco\Net\include\Poco\Net\SocketAddress.h">
      <Filter>NetCore\Header Files</Filter>
    </ClInclude>
    <ClInclude Include="C:\Users\hyper\workspace\bg\okgame\lib\poco\Net\include\Poco\Net\SocketAddressImpl.h">
      <Filter>NetCore\Header Files</Filter>
    </ClInclude>
    <ClInclude Include="C:\Users\hyper\workspace\bg\okgame\lib\poco\Net\include\Poco\Net\SocketConnector.h">
      <Filter>Reactor\Header Files</Filter>
    </ClInclude>
    <ClInclude Include="C:\Users\hyper\workspace\bg\okgame\lib\poco\Net\include\Poco\Net\SocketDefs.h">
      <Filter>NetCore\Header Files</Filter>
    </ClInclude>
    <ClInclude Include="C:\Users\hyper\workspace\bg\okgame\lib\poco\Net\include\Poco\Net\SocketImpl.h">
      <Filter>Sockets\Header Files</Filter>
    </ClInclude>
    <ClInclude Include="C:\Users\hyper\workspace\bg\okgame\lib\poco\Net\include\Poco\Net\SocketNotification.h">
      <Filter>Reactor\Header Files</Filter>
    </ClInclude>
    <ClInclude Include="C:\Users\hyper\workspace\bg\okgame\lib\poco\Net\include\Poco\Net\SocketNotifier.h">
      <Filter>Reactor\Header Files</Filter>
    </ClInclude>
    <ClInclude Include="C:\Users\hyper\workspace\bg\okgame\lib\poco\Net\include\Poco\Net\SocketProactor.h">
      <Filter>Sockets\Header Files</Filter>
    </ClInclude>
    <ClInclude Include="C:\Users\hyper\workspace\bg\okgame\lib\poco\Net\include\Poco\Net\SocketReactor.h">
      <Filter>Reactor\Header Files</Filter>
    </ClInclude>
    <ClInclude Include="C:\Users\hyper\workspace\bg\okgame\lib\poco\Net\include\Poco\Net\SocketStream.h">
      <Filter>Sockets\Header Files</Filter>
    </ClInclude>
    <ClInclude Include="C:\Users\hyper\workspace\bg\okgame\lib\poco\Net\include\Poco\Net\StreamSocket.h">
      <Filter>Sockets\Header Files</Filter>
    </ClInclude>
    <ClInclude Include="C:\Users\hyper\workspace\bg\okgame\lib\poco\Net\include\Poco\Net\StreamSocketImpl.h">
      <Filter>Sockets\Header Files</Filter>
    </ClInclude>
    <ClInclude Include="C:\Users\hyper\workspace\bg\okgame\lib\poco\Net\include\Poco\Net\StringPartSource.h">
      <Filter>Messages\Header Files</Filter>
    </ClInclude>
    <ClInclude Include="C:\Users\hyper\workspace\bg\okgame\lib\poco\Net\include\Poco\Net\TCPReactorAcceptor.h">
      <Filter>Unknown\Header Files</Filter>
    </ClInclude>
    <ClInclude Include="C:\Users\hyper\workspace\bg\okgame\lib\poco\Net\include\Poco\Net\TCPReactorServer.h">
      <Filter>Unknown\Header Files</Filter>
    </ClInclude>
    <ClInclude Include="C:\Users\hyper\workspace\bg\okgame\lib\poco\Net\include\Poco\Net\TCPReactorServerConnection.h">
      <Filter>Unknown\Header Files</Filter>
    </ClInclude>
    <ClInclude Include="C:\Users\hyper\workspace\bg\okgame\lib\poco\Net\include\Poco\Net\TCPServer.h">
      <Filter>TCPServer\Header Files</Filter>
    </ClInclude>
    <ClInclude Include="C:\Users\hyper\workspace\bg\okgame\lib\poco\Net\include\Poco\Net\TCPServerConnection.h">
      <Filter>TCPServer\Header Files</Filter>
    </ClInclude>
    <ClInclude Include="C:\Users\hyper\workspace\bg\okgame\lib\poco\Net\include\Poco\Net\TCPServerConnectionFactory.h">
      <Filter>TCPServer\Header Files</Filter>
    </ClInclude>
    <ClInclude Include="C:\Users\hyper\workspace\bg\okgame\lib\poco\Net\include\Poco\Net\TCPServerDispatcher.h">
      <Filter>TCPServer\Header Files</Filter>
    </ClInclude>
    <ClInclude Include="C:\Users\hyper\workspace\bg\okgame\lib\poco\Net\include\Poco\Net\TCPServerParams.h">
      <Filter>TCPServer\Header Files</Filter>
    </ClInclude>
    <ClInclude Include="C:\Users\hyper\workspace\bg\okgame\lib\poco\Net\include\Poco\Net\UDPClient.h">
      <Filter>UDP\Header Files</Filter>
    </ClInclude>
    <ClInclude Include="C:\Users\hyper\workspace\bg\okgame\lib\poco\Net\include\Poco\Net\UDPHandler.h">
      <Filter>UDP\Header Files</Filter>
    </ClInclude>
    <ClInclude Include="C:\Users\hyper\workspace\bg\okgame\lib\poco\Net\include\Poco\Net\UDPServer.h">
      <Filter>UDP\Header Files</Filter>
    </ClInclude>
    <ClInclude Include="C:\Users\hyper\workspace\bg\okgame\lib\poco\Net\include\Poco\Net\UDPServerParams.h">
      <Filter>UDP\Header Files</Filter>
    </ClInclude>
    <ClInclude Include="C:\Users\hyper\workspace\bg\okgame\lib\poco\Net\include\Poco\Net\UDPSocketReader.h">
      <Filter>UDP\Header Files</Filter>
    </ClInclude>
    <ClInclude Include="C:\Users\hyper\workspace\bg\okgame\lib\poco\Net\include\Poco\Net\WebSocket.h">
      <Filter>WebSocket\Header Files</Filter>
    </ClInclude>
    <ClInclude Include="C:\Users\hyper\workspace\bg\okgame\lib\poco\Net\include\Poco\Net\WebSocketImpl.h">
      <Filter>WebSocket\Header Files</Filter>
    </ClInclude>
  </ItemGroup>
  <ItemGroup>
    <CustomBuild Include="C:\Users\hyper\workspace\bg\okgame\lib\poco\Net\CMakeLists.txt" />
  </ItemGroup>
  <ItemGroup>
    <Object Include="C:\Users\hyper\workspace\bg\okgame\build_recheck_poco2\lib\poco\dependencies\wepoll\_BUNDLED_WEPOLL.dir\$(Configuration)\wepoll.obj">
      <Filter>Object Libraries</Filter>
    </Object>
  </ItemGroup>
  <ItemGroup>
    <ResourceCompile Include="C:\Users\hyper\workspace\bg\okgame\lib\poco\DLLVersion.rc">
      <Filter>Resources</Filter>
    </ResourceCompile>
  </ItemGroup>
  <ItemGroup>
    <Filter Include="FTP">
      <UniqueIdentifier>{2B4C3F2F-6C86-3E46-9BA0-F1A407C38A21}</UniqueIdentifier>
    </Filter>
    <Filter Include="FTP\Header Files">
      <UniqueIdentifier>{26201ED3-C745-341C-A52A-18A0EA2D5C28}</UniqueIdentifier>
    </Filter>
    <Filter Include="FTP\Source Files">
      <UniqueIdentifier>{87F78D27-C556-32D2-9D64-19CE2D916C40}</UniqueIdentifier>
    </Filter>
    <Filter Include="HTML">
      <UniqueIdentifier>{F1DFA978-707C-347C-84B7-1FD7A6B308C6}</UniqueIdentifier>
    </Filter>
    <Filter Include="HTML\Header Files">
      <UniqueIdentifier>{1B2F98A2-DE02-336D-A30A-D74D985B893F}</UniqueIdentifier>
    </Filter>
    <Filter Include="HTML\Source Files">
      <UniqueIdentifier>{7FD331C5-3BA1-3DFF-B508-9FBF76E9C5CA}</UniqueIdentifier>
    </Filter>
    <Filter Include="HTTP">
      <UniqueIdentifier>{A0B3EF93-AC1D-3E29-BF50-E15AA2144856}</UniqueIdentifier>
    </Filter>
    <Filter Include="HTTPClient">
      <UniqueIdentifier>{B6FD892B-BF1A-3FE3-ABD5-1AF46F8B1F4F}</UniqueIdentifier>
    </Filter>
    <Filter Include="HTTPClient\Header Files">
      <UniqueIdentifier>{9A9D9423-0F2E-394A-83F5-112C179B046D}</UniqueIdentifier>
    </Filter>
    <Filter Include="HTTPClient\Source Files">
      <UniqueIdentifier>{D60C5490-8CE6-3259-B6A8-6A130B97C4B9}</UniqueIdentifier>
    </Filter>
    <Filter Include="HTTPServer">
      <UniqueIdentifier>{C7BE238F-32EC-3FFA-B918-E07B8A77EF41}</UniqueIdentifier>
    </Filter>
    <Filter Include="HTTPServer\Header Files">
      <UniqueIdentifier>{B7AB32C7-BD2D-377B-895C-09D6D617A45B}</UniqueIdentifier>
    </Filter>
    <Filter Include="HTTPServer\Source Files">
      <UniqueIdentifier>{D674937C-4E09-387A-91FE-CCA54DC1C047}</UniqueIdentifier>
    </Filter>
    <Filter Include="HTTP\Header Files">
      <UniqueIdentifier>{35038AA6-C7C5-373C-8EB7-B434EA77B6EF}</UniqueIdentifier>
    </Filter>
    <Filter Include="HTTP\Source Files">
      <UniqueIdentifier>{0E9ED32E-6E91-3FA2-9CC5-8AB3B454BCA8}</UniqueIdentifier>
    </Filter>
    <Filter Include="ICMP">
      <UniqueIdentifier>{9A376B98-19B0-3AA6-BD92-B41C6ED6DA9A}</UniqueIdentifier>
    </Filter>
    <Filter Include="ICMP\Header Files">
      <UniqueIdentifier>{653FE74E-3BD0-366E-B1A6-97BD57AB4BF6}</UniqueIdentifier>
    </Filter>
    <Filter Include="ICMP\Source Files">
      <UniqueIdentifier>{0E5FBA1B-927A-3BF4-A82A-1D895A4586A2}</UniqueIdentifier>
    </Filter>
    <Filter Include="Logging">
      <UniqueIdentifier>{365AB40F-3A60-3EEA-9CB2-707D3C95AA5F}</UniqueIdentifier>
    </Filter>
    <Filter Include="Logging\Header Files">
      <UniqueIdentifier>{10DACA76-52C2-32CC-95F9-2DA27C2676D4}</UniqueIdentifier>
    </Filter>
    <Filter Include="Logging\Source Files">
      <UniqueIdentifier>{127599CD-0E37-3188-A4A1-9C060746E760}</UniqueIdentifier>
    </Filter>
    <Filter Include="Mail">
      <UniqueIdentifier>{F9B80718-F408-3FDD-9B2E-5416FC0D1236}</UniqueIdentifier>
    </Filter>
    <Filter Include="Mail\Header Files">
      <UniqueIdentifier>{02CD046E-E5C9-3A1D-A85F-B556DD8CDF81}</UniqueIdentifier>
    </Filter>
    <Filter Include="Mail\Source Files">
      <UniqueIdentifier>{2B7D14BB-D428-3998-933A-958AF1360861}</UniqueIdentifier>
    </Filter>
    <Filter Include="Messages">
      <UniqueIdentifier>{34ADE0A5-AC81-3460-AABE-D4C3AD40729A}</UniqueIdentifier>
    </Filter>
    <Filter Include="Messages\Header Files">
      <UniqueIdentifier>{C05A7734-7FB9-3C11-9669-E0DA4FF04A61}</UniqueIdentifier>
    </Filter>
    <Filter Include="Messages\Source Files">
      <UniqueIdentifier>{A6CA5FD7-27AA-3CDD-B172-48DEEC82AC98}</UniqueIdentifier>
    </Filter>
    <Filter Include="NTLM">
      <UniqueIdentifier>{0D37265C-5D7A-3F4E-9A29-6BB69A770B50}</UniqueIdentifier>
    </Filter>
    <Filter Include="NTLM\Header Files">
      <UniqueIdentifier>{EE29481F-CD7A-3E5D-9EC6-32C00C6F9BB2}</UniqueIdentifier>
    </Filter>
    <Filter Include="NTLM\Source Files">
      <UniqueIdentifier>{5B1C73C3-5E41-36E2-B292-35BA8D903B6C}</UniqueIdentifier>
    </Filter>
    <Filter Include="NTP">
      <UniqueIdentifier>{46F9A35E-D62F-39F2-90B0-26294C20B013}</UniqueIdentifier>
    </Filter>
    <Filter Include="NTP\Header Files">
      <UniqueIdentifier>{5C64B955-5295-3D71-8E4B-85B7B30E43DA}</UniqueIdentifier>
    </Filter>
    <Filter Include="NTP\Source Files">
      <UniqueIdentifier>{D1ABCC36-210E-348B-AE92-5E556AD76CBE}</UniqueIdentifier>
    </Filter>
    <Filter Include="Net">
      <UniqueIdentifier>{3DBFC5A4-5E64-3BBE-8E7C-1906AA5D3180}</UniqueIdentifier>
    </Filter>
    <Filter Include="NetCore">
      <UniqueIdentifier>{707B95FD-580C-39BF-BCD5-42E683A1914F}</UniqueIdentifier>
    </Filter>
    <Filter Include="NetCore\Header Files">
      <UniqueIdentifier>{7B0ED491-2473-3A89-9766-852A752D2589}</UniqueIdentifier>
    </Filter>
    <Filter Include="NetCore\Source Files">
      <UniqueIdentifier>{C5E29E76-4DFA-3A47-A513-0C89A910EE89}</UniqueIdentifier>
    </Filter>
    <Filter Include="Net\Header Files">
      <UniqueIdentifier>{51E4A34D-3C10-3173-B4DC-106F0C1199F5}</UniqueIdentifier>
    </Filter>
    <Filter Include="OAuth">
      <UniqueIdentifier>{EC7DB96A-7271-3373-9025-A9C15228293C}</UniqueIdentifier>
    </Filter>
    <Filter Include="OAuth\Header Files">
      <UniqueIdentifier>{AD064E44-1ECF-3DD8-A86F-0D703704C5E1}</UniqueIdentifier>
    </Filter>
    <Filter Include="OAuth\Source Files">
      <UniqueIdentifier>{88E30105-3FA5-30BC-8668-081B229900C1}</UniqueIdentifier>
    </Filter>
    <Filter Include="Object Libraries">
      <UniqueIdentifier>{011D4505-76CF-3EDF-B7DD-F4178D953A36}</UniqueIdentifier>
    </Filter>
    <Filter Include="Reactor">
      <UniqueIdentifier>{7089C20A-E6BE-355D-A844-06652E56D7E4}</UniqueIdentifier>
    </Filter>
    <Filter Include="Reactor\Header Files">
      <UniqueIdentifier>{E6573946-3BB5-3C73-AB8E-40C3F6F3CED8}</UniqueIdentifier>
    </Filter>
    <Filter Include="Reactor\Source Files">
      <UniqueIdentifier>{16A6FD67-1A25-3C7E-A387-97C842B2FB26}</UniqueIdentifier>
    </Filter>
    <Filter Include="Resources">
      <UniqueIdentifier>{6F74AF00-97B3-34D9-A9C6-3BF9C0C48559}</UniqueIdentifier>
    </Filter>
    <Filter Include="Sockets">
      <UniqueIdentifier>{23A2AA6A-EDDB-38BE-8442-B0C456EBD8B9}</UniqueIdentifier>
    </Filter>
    <Filter Include="Sockets\Header Files">
      <UniqueIdentifier>{9914DA5B-B210-3593-9A21-01FD0C9B6068}</UniqueIdentifier>
    </Filter>
    <Filter Include="Sockets\Source Files">
      <UniqueIdentifier>{253C63EC-E7A9-3E3F-A01F-2C6D27D4796A}</UniqueIdentifier>
    </Filter>
    <Filter Include="TCPServer">
      <UniqueIdentifier>{A112DFA8-43D4-3A98-A3A2-537F7C48E6E2}</UniqueIdentifier>
    </Filter>
    <Filter Include="TCPServer\Header Files">
      <UniqueIdentifier>{3D207A97-E5D7-3366-BB0F-18F1E04B3BF4}</UniqueIdentifier>
    </Filter>
    <Filter Include="TCPServer\Source Files">
      <UniqueIdentifier>{567027D7-7E64-397D-A3BD-B903E07851B3}</UniqueIdentifier>
    </Filter>
    <Filter Include="UDP">
      <UniqueIdentifier>{FABC2BB7-F271-36A8-A28B-C38E7A0B3FA0}</UniqueIdentifier>
    </Filter>
    <Filter Include="UDP\Header Files">
      <UniqueIdentifier>{70BEA9F9-6A06-3E47-BE30-4DBFA9E38153}</UniqueIdentifier>
    </Filter>
    <Filter Include="UDP\Source Files">
      <UniqueIdentifier>{6CDA6547-1FA3-31FF-9E92-65654C827817}</UniqueIdentifier>
    </Filter>
    <Filter Include="Unknown">
      <UniqueIdentifier>{E983ED0E-1380-3F50-B697-6E60F30EEBC9}</UniqueIdentifier>
    </Filter>
    <Filter Include="Unknown\Header Files">
      <UniqueIdentifier>{1F969533-8F77-3A29-8837-DF55DCD8E594}</UniqueIdentifier>
    </Filter>
    <Filter Include="Unknown\Source Files">
      <UniqueIdentifier>{06DFCED5-C11D-3FE7-AD1A-F9E8B9F4C131}</UniqueIdentifier>
    </Filter>
    <Filter Include="WebSocket">
      <UniqueIdentifier>{E7932992-5302-3A16-B6E8-03B84BF5CCBD}</UniqueIdentifier>
    </Filter>
    <Filter Include="WebSocket\Header Files">
      <UniqueIdentifier>{614C7D83-996B-35BB-944B-0EC1EFF83DA4}</UniqueIdentifier>
    </Filter>
    <Filter Include="WebSocket\Source Files">
      <UniqueIdentifier>{CDB4AC43-FA3E-3705-957C-2157AA930BA2}</UniqueIdentifier>
    </Filter>
  </ItemGroup>
</Project>
