<?xml version="1.0" encoding="UTF-8"?>
<Solution>
	<Configurations>
		<BuildType Name="Debug"/>
		<BuildType Name="Release"/>
		<BuildType Name="MinSizeRel"/>
		<BuildType Name="RelWithDebInfo"/>
		<Platform Name="x64"/>
	</Configurations>
	<Project Path="../assert/boost_assert.vcxproj" Type="8bc9ceb8-8b4a-11d0-8d11-00a0c91bc942" Id="0dac0145-9f75-3d8e-8075-434d5b2ad58a">
		<BuildDependency Project="../../../../ZERO_CHECK.vcxproj"/>
	</Project>
	<Project Path="../core/boost_core.vcxproj" Type="8bc9ceb8-8b4a-11d0-8d11-00a0c91bc942" Id="f74c26e8-af39-3a57-96d5-ff1eaea5b17f">
		<BuildDependency Project="../../../../ZERO_CHECK.vcxproj"/>
	</Project>
	<Project Path="boost_stacktrace_basic.vcxproj" Type="8bc9ceb8-8b4a-11d0-8d11-00a0c91bc942" Id="1894bfb4-d85c-3bc7-9900-47fa5f1c1e9c">
		<BuildDependency Project="../../../../ZERO_CHECK.vcxproj"/>
		<BuildDependency Project="../assert/boost_assert.vcxproj"/>
		<BuildDependency Project="../core/boost_core.vcxproj"/>
	</Project>
	<Project Path="boost_stacktrace_from_exception.vcxproj" Type="8bc9ceb8-8b4a-11d0-8d11-00a0c91bc942" Id="062d6c24-d051-3c89-831a-397e34e79862">
		<BuildDependency Project="../../../../ZERO_CHECK.vcxproj"/>
		<BuildDependency Project="../assert/boost_assert.vcxproj"/>
		<BuildDependency Project="../core/boost_core.vcxproj"/>
		<BuildDependency Project="boost_stacktrace_windbg.vcxproj"/>
	</Project>
	<Project Path="boost_stacktrace_noop.vcxproj" Type="8bc9ceb8-8b4a-11d0-8d11-00a0c91bc942" Id="5e9654ae-e7d8-3b01-a78d-2a54aa9e077b">
		<BuildDependency Project="../../../../ZERO_CHECK.vcxproj"/>
		<BuildDependency Project="../assert/boost_assert.vcxproj"/>
		<BuildDependency Project="../core/boost_core.vcxproj"/>
	</Project>
	<Project Path="boost_stacktrace_windbg.vcxproj" Type="8bc9ceb8-8b4a-11d0-8d11-00a0c91bc942" Id="1d5219f1-02be-3059-808b-48956964e900">
		<BuildDependency Project="../../../../ZERO_CHECK.vcxproj"/>
		<BuildDependency Project="../assert/boost_assert.vcxproj"/>
		<BuildDependency Project="../core/boost_core.vcxproj"/>
	</Project>
	<Project Path="boost_stacktrace_windbg_cached.vcxproj" Type="8bc9ceb8-8b4a-11d0-8d11-00a0c91bc942" Id="95aa4ad3-dc8c-37d7-915c-cd793827d1f8">
		<BuildDependency Project="../../../../ZERO_CHECK.vcxproj"/>
		<BuildDependency Project="../assert/boost_assert.vcxproj"/>
		<BuildDependency Project="../core/boost_core.vcxproj"/>
	</Project>
	<Folder Name="/CMakePredefinedTargets/">
		<Project Path="ALL_BUILD.vcxproj" Type="8bc9ceb8-8b4a-11d0-8d11-00a0c91bc942" Id="e5a47d5a-39e7-3fb8-aa62-59cd810fe2d6" DefaultStartup="true">
			<BuildDependency Project="../../../../ZERO_CHECK.vcxproj"/>
			<BuildDependency Project="boost_stacktrace_basic.vcxproj"/>
			<BuildDependency Project="boost_stacktrace_from_exception.vcxproj"/>
			<BuildDependency Project="boost_stacktrace_noop.vcxproj"/>
			<BuildDependency Project="boost_stacktrace_windbg.vcxproj"/>
			<BuildDependency Project="boost_stacktrace_windbg_cached.vcxproj"/>
		</Project>
		<Project Path="PACKAGE.vcxproj" Type="8bc9ceb8-8b4a-11d0-8d11-00a0c91bc942" Id="0e11c310-87ac-33b1-ab4c-19e1f182f13d">
			<BuildDependency Project="ALL_BUILD.vcxproj"/>
			<BuildDependency Project="../../../../ZERO_CHECK.vcxproj"/>
			<Build Solution="Debug|*" Project="false"/>
			<Build Solution="Release|*" Project="false"/>
			<Build Solution="MinSizeRel|*" Project="false"/>
			<Build Solution="RelWithDebInfo|*" Project="false"/>
		</Project>
		<Project Path="../../../../ZERO_CHECK.vcxproj" Type="8bc9ceb8-8b4a-11d0-8d11-00a0c91bc942" Id="93809ed7-2775-3f50-a396-b2f99a597836"/>
	</Folder>
</Solution>
