<?xml version="1.0" encoding="UTF-8"?>
<Solution>
	<Configurations>
		<BuildType Name="Debug"/>
		<BuildType Name="Release"/>
		<BuildType Name="MinSizeRel"/>
		<BuildType Name="RelWithDebInfo"/>
		<Platform Name="x64"/>
	</Configurations>
	<Project Path="../SDL/SDL3-shared.vcxproj" Type="8bc9ceb8-8b4a-11d0-8d11-00a0c91bc942" Id="e792614c-38da-3275-8ef4-490b51eee1d8">
		<BuildDependency Project="../SDL/SDL_uclibc.vcxproj"/>
		<BuildDependency Project="../../ZERO_CHECK.vcxproj"/>
	</Project>
	<Project Path="SDL3_image-shared.vcxproj" Type="8bc9ceb8-8b4a-11d0-8d11-00a0c91bc942" Id="8ce61ff4-26ee-371d-9029-447829ce12f7">
		<BuildDependency Project="../SDL/SDL3-shared.vcxproj"/>
		<BuildDependency Project="../../ZERO_CHECK.vcxproj"/>
		<BuildDependency Project="external/libwebp-build/libwebpmux.vcxproj"/>
		<BuildDependency Project="external/libpng-build/png_shared.vcxproj"/>
		<BuildDependency Project="external/libtiff-build/libtiff/tiff.vcxproj"/>
		<BuildDependency Project="external/libwebp-build/webp.vcxproj"/>
		<BuildDependency Project="external/libwebp-build/webpdemux.vcxproj"/>
	</Project>
	<Project Path="../SDL/SDL_uclibc.vcxproj" Type="8bc9ceb8-8b4a-11d0-8d11-00a0c91bc942" Id="9c1d3253-7995-3139-92a3-cf0193cc970c">
		<BuildDependency Project="../../ZERO_CHECK.vcxproj"/>
	</Project>
	<Project Path="external/libwebp-build/libwebpmux.vcxproj" Type="8bc9ceb8-8b4a-11d0-8d11-00a0c91bc942" Id="1e9ae065-c507-3bdf-8226-53d65bed9f99">
		<BuildDependency Project="../../ZERO_CHECK.vcxproj"/>
		<BuildDependency Project="external/libwebp-build/sharpyuv.vcxproj"/>
		<BuildDependency Project="external/libwebp-build/webp.vcxproj"/>
	</Project>
	<Project Path="external/libpng-build/png_genfiles.vcxproj" Type="8bc9ceb8-8b4a-11d0-8d11-00a0c91bc942" Id="e5c453cb-6e81-35cd-92a4-2418bc5d13fd">
		<BuildDependency Project="../../ZERO_CHECK.vcxproj"/>
	</Project>
	<Project Path="external/libpng-build/png_shared.vcxproj" Type="8bc9ceb8-8b4a-11d0-8d11-00a0c91bc942" Id="8a054d43-06b2-3cb3-aded-ba7b933ee5d2">
		<BuildDependency Project="../../ZERO_CHECK.vcxproj"/>
		<BuildDependency Project="external/libpng-build/png_genfiles.vcxproj"/>
		<BuildDependency Project="external/zlib-build/zlib.vcxproj"/>
	</Project>
	<Project Path="external/libwebp-build/sharpyuv.vcxproj" Type="8bc9ceb8-8b4a-11d0-8d11-00a0c91bc942" Id="e924c82d-607f-3a0f-8559-33e88d92d21f">
		<BuildDependency Project="../../ZERO_CHECK.vcxproj"/>
	</Project>
	<Project Path="external/libtiff-build/libtiff/tiff.vcxproj" Type="8bc9ceb8-8b4a-11d0-8d11-00a0c91bc942" Id="adecb1e5-8a6f-3f2f-be35-047dfe7f79c9">
		<BuildDependency Project="../../ZERO_CHECK.vcxproj"/>
	</Project>
	<Project Path="external/libwebp-build/webp.vcxproj" Type="8bc9ceb8-8b4a-11d0-8d11-00a0c91bc942" Id="f642bc93-e092-31a0-b437-4cd579b3abb0">
		<BuildDependency Project="../../ZERO_CHECK.vcxproj"/>
		<BuildDependency Project="external/libwebp-build/sharpyuv.vcxproj"/>
		<BuildDependency Project="external/libwebp-build/webpdecode.vcxproj"/>
		<BuildDependency Project="external/libwebp-build/webpdsp.vcxproj"/>
		<BuildDependency Project="external/libwebp-build/webpencode.vcxproj"/>
		<BuildDependency Project="external/libwebp-build/webputils.vcxproj"/>
	</Project>
	<Project Path="external/libwebp-build/webpdecode.vcxproj" Type="8bc9ceb8-8b4a-11d0-8d11-00a0c91bc942" Id="693ac6fb-27bd-3e59-b33d-eb368ad35f3b">
		<BuildDependency Project="../../ZERO_CHECK.vcxproj"/>
		<BuildDependency Project="external/libwebp-build/webpdspdecode.vcxproj"/>
	</Project>
	<Project Path="external/libwebp-build/webpdemux.vcxproj" Type="8bc9ceb8-8b4a-11d0-8d11-00a0c91bc942" Id="05104922-12ac-3b61-90e6-afa4d7e47e29">
		<BuildDependency Project="../../ZERO_CHECK.vcxproj"/>
		<BuildDependency Project="external/libwebp-build/sharpyuv.vcxproj"/>
		<BuildDependency Project="external/libwebp-build/webp.vcxproj"/>
	</Project>
	<Project Path="external/libwebp-build/webpdsp.vcxproj" Type="8bc9ceb8-8b4a-11d0-8d11-00a0c91bc942" Id="d10e6fd9-6ac2-38e5-8863-16aa793fc502">
		<BuildDependency Project="../../ZERO_CHECK.vcxproj"/>
	</Project>
	<Project Path="external/libwebp-build/webpdspdecode.vcxproj" Type="8bc9ceb8-8b4a-11d0-8d11-00a0c91bc942" Id="18bf7efd-5a1c-3189-a8d5-5627d03dca80">
		<BuildDependency Project="../../ZERO_CHECK.vcxproj"/>
	</Project>
	<Project Path="external/libwebp-build/webpencode.vcxproj" Type="8bc9ceb8-8b4a-11d0-8d11-00a0c91bc942" Id="40fe8ecd-8a07-3842-99ee-32cbcb165972">
		<BuildDependency Project="../../ZERO_CHECK.vcxproj"/>
	</Project>
	<Project Path="external/libwebp-build/webputils.vcxproj" Type="8bc9ceb8-8b4a-11d0-8d11-00a0c91bc942" Id="0cf130f7-79e1-3a0f-b4b7-74a896dbe58e">
		<BuildDependency Project="../../ZERO_CHECK.vcxproj"/>
	</Project>
	<Project Path="external/zlib-build/zlib.vcxproj" Type="8bc9ceb8-8b4a-11d0-8d11-00a0c91bc942" Id="1b29649e-f898-3a07-853f-a66153447519">
		<BuildDependency Project="../../ZERO_CHECK.vcxproj"/>
	</Project>
	<Folder Name="/CMakePredefinedTargets/">
		<Project Path="ALL_BUILD.vcxproj" Type="8bc9ceb8-8b4a-11d0-8d11-00a0c91bc942" Id="7e31f560-99d9-36ea-a0cb-19686928705f" DefaultStartup="true">
			<BuildDependency Project="SDL3_image-shared.vcxproj"/>
			<BuildDependency Project="../../ZERO_CHECK.vcxproj"/>
		</Project>
		<Project Path="INSTALL.vcxproj" Type="8bc9ceb8-8b4a-11d0-8d11-00a0c91bc942" Id="84db2135-61e7-3986-b35f-f9aed436361d">
			<BuildDependency Project="ALL_BUILD.vcxproj"/>
			<BuildDependency Project="../../ZERO_CHECK.vcxproj"/>
			<Build Solution="Debug|*" Project="false"/>
			<Build Solution="Release|*" Project="false"/>
			<Build Solution="MinSizeRel|*" Project="false"/>
			<Build Solution="RelWithDebInfo|*" Project="false"/>
		</Project>
		<Project Path="PACKAGE.vcxproj" Type="8bc9ceb8-8b4a-11d0-8d11-00a0c91bc942" Id="79085718-8802-3391-b672-a9d0dda462a3">
			<BuildDependency Project="ALL_BUILD.vcxproj"/>
			<BuildDependency Project="../../ZERO_CHECK.vcxproj"/>
			<Build Solution="Debug|*" Project="false"/>
			<Build Solution="Release|*" Project="false"/>
			<Build Solution="MinSizeRel|*" Project="false"/>
			<Build Solution="RelWithDebInfo|*" Project="false"/>
		</Project>
		<Project Path="../../ZERO_CHECK.vcxproj" Type="8bc9ceb8-8b4a-11d0-8d11-00a0c91bc942" Id="aa3d58b0-8d7d-3604-9cc3-6ad246443146"/>
	</Folder>
</Solution>
