<?xml version="1.0" encoding="UTF-8"?>
<Solution>
	<Configurations>
		<BuildType Name="Debug"/>
		<BuildType Name="Release"/>
		<BuildType Name="MinSizeRel"/>
		<BuildType Name="RelWithDebInfo"/>
		<Platform Name="x64"/>
	</Configurations>
	<Project Path="../assert/boost_assert.vcxproj" Type="8bc9ceb8-8b4a-11d0-8d11-00a0c91bc942" Id="7cf802d2-bde9-3e92-be04-00d20ac9dfa5">
		<BuildDependency Project="../../../../ZERO_CHECK.vcxproj"/>
	</Project>
	<Project Path="boost_charconv.vcxproj" Type="8bc9ceb8-8b4a-11d0-8d11-00a0c91bc942" Id="bc8a95ef-b7f5-35ac-8c26-05cb4aa2996a">
		<BuildDependency Project="../../../../ZERO_CHECK.vcxproj"/>
		<BuildDependency Project="../assert/boost_assert.vcxproj"/>
		<BuildDependency Project="../core/boost_core.vcxproj"/>
	</Project>
	<Project Path="../core/boost_core.vcxproj" Type="8bc9ceb8-8b4a-11d0-8d11-00a0c91bc942" Id="51581ecf-df1f-37d3-b47e-bcdf347b1fc3">
		<BuildDependency Project="../../../../ZERO_CHECK.vcxproj"/>
	</Project>
	<Folder Name="/CMakePredefinedTargets/">
		<Project Path="ALL_BUILD.vcxproj" Type="8bc9ceb8-8b4a-11d0-8d11-00a0c91bc942" Id="a9494534-f32a-3e1c-8a61-e375503756d5" DefaultStartup="true">
			<BuildDependency Project="../../../../ZERO_CHECK.vcxproj"/>
			<BuildDependency Project="boost_charconv.vcxproj"/>
		</Project>
		<Project Path="PACKAGE.vcxproj" Type="8bc9ceb8-8b4a-11d0-8d11-00a0c91bc942" Id="8a6907a3-acd7-3f9e-b3b7-0a14d2657b1a">
			<BuildDependency Project="ALL_BUILD.vcxproj"/>
			<BuildDependency Project="../../../../ZERO_CHECK.vcxproj"/>
			<Build Solution="Debug|*" Project="false"/>
			<Build Solution="Release|*" Project="false"/>
			<Build Solution="MinSizeRel|*" Project="false"/>
			<Build Solution="RelWithDebInfo|*" Project="false"/>
		</Project>
		<Project Path="../../../../ZERO_CHECK.vcxproj" Type="8bc9ceb8-8b4a-11d0-8d11-00a0c91bc942" Id="5610042f-18f9-3728-b195-3dff710b8fb7"/>
	</Folder>
</Solution>
