<?xml version="1.0" encoding="utf-8"?>
<Project ToolsVersion="18.0" xmlns="http://schemas.microsoft.com/developer/msbuild/2003">
  <ItemGroup>
    <ClCompile Include="C:\Users\hyper\workspace\bg\okgame\lib\boost\libs\contract\src\contract.cpp">
      <Filter>Source Files</Filter>
    </ClCompile>
  </ItemGroup>
  <ItemGroup>
    <CustomBuild Include="C:\Users\hyper\workspace\bg\okgame\lib\boost\libs\contract\CMakeLists.txt" />
  </ItemGroup>
  <ItemGroup>
    <Natvis Include="C:\Users\hyper\workspace\bg\okgame\lib\boost\libs\assert\extra\boost_assert.natvis" />
    <Natvis Include="C:\Users\hyper\workspace\bg\okgame\lib\boost\libs\unordered\extra\boost_unordered.natvis" />
  </ItemGroup>
  <ItemGroup>
    <Filter Include="Source Files">
      <UniqueIdentifier>{6713A9B2-4799-3208-8149-505BE2FEEA76}</UniqueIdentifier>
    </Filter>
  </ItemGroup>
</Project>
