<?xml version="1.0" encoding="utf-8"?>
<Project ToolsVersion="18.0" xmlns="http://schemas.microsoft.com/developer/msbuild/2003">
  <ItemGroup>
    <ClCompile Include="C:\Users\hyper\workspace\bg\okgame\lib\SDL_mixer\src\SDL_mixer.c">
      <Filter>Source Files</Filter>
    </ClCompile>
    <ClCompile Include="C:\Users\hyper\workspace\bg\okgame\lib\SDL_mixer\src\SDL_mixer_metadata_tags.c">
      <Filter>Source Files</Filter>
    </ClCompile>
    <ClCompile Include="C:\Users\hyper\workspace\bg\okgame\lib\SDL_mixer\src\SDL_mixer_spatialization.c">
      <Filter>Source Files</Filter>
    </ClCompile>
    <ClCompile Include="C:\Users\hyper\workspace\bg\okgame\lib\SDL_mixer\src\decoder_aiff.c">
      <Filter>Source Files</Filter>
    </ClCompile>
    <ClCompile Include="C:\Users\hyper\workspace\bg\okgame\lib\SDL_mixer\src\decoder_au.c">
      <Filter>Source Files</Filter>
    </ClCompile>
    <ClCompile Include="C:\Users\hyper\workspace\bg\okgame\lib\SDL_mixer\src\decoder_drflac.c">
      <Filter>Source Files</Filter>
    </ClCompile>
    <ClCompile Include="C:\Users\hyper\workspace\bg\okgame\lib\SDL_mixer\src\decoder_drmp3.c">
      <Filter>Source Files</Filter>
    </ClCompile>
    <ClCompile Include="C:\Users\hyper\workspace\bg\okgame\lib\SDL_mixer\src\decoder_flac.c">
      <Filter>Source Files</Filter>
    </ClCompile>
    <ClCompile Include="C:\Users\hyper\workspace\bg\okgame\lib\SDL_mixer\src\decoder_fluidsynth.c">
      <Filter>Source Files</Filter>
    </ClCompile>
    <ClCompile Include="C:\Users\hyper\workspace\bg\okgame\lib\SDL_mixer\src\decoder_gme.c">
      <Filter>Source Files</Filter>
    </ClCompile>
    <ClCompile Include="C:\Users\hyper\workspace\bg\okgame\lib\SDL_mixer\src\decoder_mpg123.c">
      <Filter>Source Files</Filter>
    </ClCompile>
    <ClCompile Include="C:\Users\hyper\workspace\bg\okgame\lib\SDL_mixer\src\decoder_opus.c">
      <Filter>Source Files</Filter>
    </ClCompile>
    <ClCompile Include="C:\Users\hyper\workspace\bg\okgame\lib\SDL_mixer\src\decoder_raw.c">
      <Filter>Source Files</Filter>
    </ClCompile>
    <ClCompile Include="C:\Users\hyper\workspace\bg\okgame\lib\SDL_mixer\src\decoder_sinewave.c">
      <Filter>Source Files</Filter>
    </ClCompile>
    <ClCompile Include="C:\Users\hyper\workspace\bg\okgame\lib\SDL_mixer\src\decoder_stb_vorbis.c">
      <Filter>Source Files</Filter>
    </ClCompile>
    <ClCompile Include="C:\Users\hyper\workspace\bg\okgame\lib\SDL_mixer\src\decoder_timidity.c">
      <Filter>Source Files</Filter>
    </ClCompile>
    <ClCompile Include="C:\Users\hyper\workspace\bg\okgame\lib\SDL_mixer\src\decoder_voc.c">
      <Filter>Source Files</Filter>
    </ClCompile>
    <ClCompile Include="C:\Users\hyper\workspace\bg\okgame\lib\SDL_mixer\src\decoder_vorbis.c">
      <Filter>Source Files</Filter>
    </ClCompile>
    <ClCompile Include="C:\Users\hyper\workspace\bg\okgame\lib\SDL_mixer\src\decoder_wav.c">
      <Filter>Source Files</Filter>
    </ClCompile>
    <ClCompile Include="C:\Users\hyper\workspace\bg\okgame\lib\SDL_mixer\src\decoder_wavpack.c">
      <Filter>Source Files</Filter>
    </ClCompile>
    <ClCompile Include="C:\Users\hyper\workspace\bg\okgame\lib\SDL_mixer\src\decoder_xmp.c">
      <Filter>Source Files</Filter>
    </ClCompile>
    <ClCompile Include="C:\Users\hyper\workspace\bg\okgame\lib\SDL_mixer\src\timidity\common.c">
      <Filter>Source Files</Filter>
    </ClCompile>
    <ClCompile Include="C:\Users\hyper\workspace\bg\okgame\lib\SDL_mixer\src\timidity\instrum.c">
      <Filter>Source Files</Filter>
    </ClCompile>
    <ClCompile Include="C:\Users\hyper\workspace\bg\okgame\lib\SDL_mixer\src\timidity\mix.c">
      <Filter>Source Files</Filter>
    </ClCompile>
    <ClCompile Include="C:\Users\hyper\workspace\bg\okgame\lib\SDL_mixer\src\timidity\output.c">
      <Filter>Source Files</Filter>
    </ClCompile>
    <ClCompile Include="C:\Users\hyper\workspace\bg\okgame\lib\SDL_mixer\src\timidity\playmidi.c">
      <Filter>Source Files</Filter>
    </ClCompile>
    <ClCompile Include="C:\Users\hyper\workspace\bg\okgame\lib\SDL_mixer\src\timidity\readmidi.c">
      <Filter>Source Files</Filter>
    </ClCompile>
    <ClCompile Include="C:\Users\hyper\workspace\bg\okgame\lib\SDL_mixer\src\timidity\resample.c">
      <Filter>Source Files</Filter>
    </ClCompile>
    <ClCompile Include="C:\Users\hyper\workspace\bg\okgame\lib\SDL_mixer\src\timidity\tables.c">
      <Filter>Source Files</Filter>
    </ClCompile>
    <ClCompile Include="C:\Users\hyper\workspace\bg\okgame\lib\SDL_mixer\src\timidity\timidity.c">
      <Filter>Source Files</Filter>
    </ClCompile>
  </ItemGroup>
  <ItemGroup>
    <CustomBuild Include="C:\Users\hyper\workspace\bg\okgame\lib\SDL_mixer\CMakeLists.txt" />
  </ItemGroup>
  <ItemGroup>
    <ResourceCompile Include="C:\Users\hyper\workspace\bg\okgame\lib\SDL_mixer\src\version.rc">
      <Filter>Source Files</Filter>
    </ResourceCompile>
  </ItemGroup>
  <ItemGroup>
    <Filter Include="Source Files">
      <UniqueIdentifier>{A1B0F1F1-5337-3699-AE2C-5E0B6F4550CB}</UniqueIdentifier>
    </Filter>
  </ItemGroup>
</Project>
