<?xml version="1.0" encoding="utf-8"?>
<Project ToolsVersion="18.0" xmlns="http://schemas.microsoft.com/developer/msbuild/2003">
  <ItemGroup>
    <CustomBuild Include="C:\Users\hyper\workspace\bg\okgame\lib\boost\libs\unordered\CMakeLists.txt" />
  </ItemGroup>
  <ItemGroup>
    <Natvis Include="C:\Users\hyper\workspace\bg\okgame\lib\boost\libs\unordered\extra\boost_unordered.natvis">
      <Filter>extra</Filter>
    </Natvis>
  </ItemGroup>
  <ItemGroup>
    <None Include="C:\Users\hyper\workspace\bg\okgame\lib\boost\libs\unordered\include\boost\unordered\concurrent_flat_map.hpp">
      <Filter>include\boost\unordered</Filter>
    </None>
    <None Include="C:\Users\hyper\workspace\bg\okgame\lib\boost\libs\unordered\include\boost\unordered\concurrent_flat_map_fwd.hpp">
      <Filter>include\boost\unordered</Filter>
    </None>
    <None Include="C:\Users\hyper\workspace\bg\okgame\lib\boost\libs\unordered\include\boost\unordered\concurrent_flat_set.hpp">
      <Filter>include\boost\unordered</Filter>
    </None>
    <None Include="C:\Users\hyper\workspace\bg\okgame\lib\boost\libs\unordered\include\boost\unordered\concurrent_flat_set_fwd.hpp">
      <Filter>include\boost\unordered</Filter>
    </None>
    <None Include="C:\Users\hyper\workspace\bg\okgame\lib\boost\libs\unordered\include\boost\unordered\concurrent_node_map.hpp">
      <Filter>include\boost\unordered</Filter>
    </None>
    <None Include="C:\Users\hyper\workspace\bg\okgame\lib\boost\libs\unordered\include\boost\unordered\concurrent_node_map_fwd.hpp">
      <Filter>include\boost\unordered</Filter>
    </None>
    <None Include="C:\Users\hyper\workspace\bg\okgame\lib\boost\libs\unordered\include\boost\unordered\concurrent_node_set.hpp">
      <Filter>include\boost\unordered</Filter>
    </None>
    <None Include="C:\Users\hyper\workspace\bg\okgame\lib\boost\libs\unordered\include\boost\unordered\concurrent_node_set_fwd.hpp">
      <Filter>include\boost\unordered</Filter>
    </None>
    <None Include="C:\Users\hyper\workspace\bg\okgame\lib\boost\libs\unordered\include\boost\unordered\detail\allocator_constructed.hpp">
      <Filter>include\boost\unordered\detail</Filter>
    </None>
    <None Include="C:\Users\hyper\workspace\bg\okgame\lib\boost\libs\unordered\include\boost\unordered\detail\archive_constructed.hpp">
      <Filter>include\boost\unordered\detail</Filter>
    </None>
    <None Include="C:\Users\hyper\workspace\bg\okgame\lib\boost\libs\unordered\include\boost\unordered\detail\bad_archive_exception.hpp">
      <Filter>include\boost\unordered\detail</Filter>
    </None>
    <None Include="C:\Users\hyper\workspace\bg\okgame\lib\boost\libs\unordered\include\boost\unordered\detail\concurrent_static_asserts.hpp">
      <Filter>include\boost\unordered\detail</Filter>
    </None>
    <None Include="C:\Users\hyper\workspace\bg\okgame\lib\boost\libs\unordered\include\boost\unordered\detail\fca.hpp">
      <Filter>include\boost\unordered\detail</Filter>
    </None>
    <None Include="C:\Users\hyper\workspace\bg\okgame\lib\boost\libs\unordered\include\boost\unordered\detail\foa\concurrent_table.hpp">
      <Filter>include\boost\unordered\detail\foa</Filter>
    </None>
    <None Include="C:\Users\hyper\workspace\bg\okgame\lib\boost\libs\unordered\include\boost\unordered\detail\foa\core.hpp">
      <Filter>include\boost\unordered\detail\foa</Filter>
    </None>
    <None Include="C:\Users\hyper\workspace\bg\okgame\lib\boost\libs\unordered\include\boost\unordered\detail\foa\cumulative_stats.hpp">
      <Filter>include\boost\unordered\detail\foa</Filter>
    </None>
    <None Include="C:\Users\hyper\workspace\bg\okgame\lib\boost\libs\unordered\include\boost\unordered\detail\foa\element_type.hpp">
      <Filter>include\boost\unordered\detail\foa</Filter>
    </None>
    <None Include="C:\Users\hyper\workspace\bg\okgame\lib\boost\libs\unordered\include\boost\unordered\detail\foa\flat_map_types.hpp">
      <Filter>include\boost\unordered\detail\foa</Filter>
    </None>
    <None Include="C:\Users\hyper\workspace\bg\okgame\lib\boost\libs\unordered\include\boost\unordered\detail\foa\flat_set_types.hpp">
      <Filter>include\boost\unordered\detail\foa</Filter>
    </None>
    <None Include="C:\Users\hyper\workspace\bg\okgame\lib\boost\libs\unordered\include\boost\unordered\detail\foa\ignore_wshadow.hpp">
      <Filter>include\boost\unordered\detail\foa</Filter>
    </None>
    <None Include="C:\Users\hyper\workspace\bg\okgame\lib\boost\libs\unordered\include\boost\unordered\detail\foa\node_handle.hpp">
      <Filter>include\boost\unordered\detail\foa</Filter>
    </None>
    <None Include="C:\Users\hyper\workspace\bg\okgame\lib\boost\libs\unordered\include\boost\unordered\detail\foa\node_map_handle.hpp">
      <Filter>include\boost\unordered\detail\foa</Filter>
    </None>
    <None Include="C:\Users\hyper\workspace\bg\okgame\lib\boost\libs\unordered\include\boost\unordered\detail\foa\node_map_types.hpp">
      <Filter>include\boost\unordered\detail\foa</Filter>
    </None>
    <None Include="C:\Users\hyper\workspace\bg\okgame\lib\boost\libs\unordered\include\boost\unordered\detail\foa\node_set_handle.hpp">
      <Filter>include\boost\unordered\detail\foa</Filter>
    </None>
    <None Include="C:\Users\hyper\workspace\bg\okgame\lib\boost\libs\unordered\include\boost\unordered\detail\foa\node_set_types.hpp">
      <Filter>include\boost\unordered\detail\foa</Filter>
    </None>
    <None Include="C:\Users\hyper\workspace\bg\okgame\lib\boost\libs\unordered\include\boost\unordered\detail\foa\reentrancy_check.hpp">
      <Filter>include\boost\unordered\detail\foa</Filter>
    </None>
    <None Include="C:\Users\hyper\workspace\bg\okgame\lib\boost\libs\unordered\include\boost\unordered\detail\foa\restore_wshadow.hpp">
      <Filter>include\boost\unordered\detail\foa</Filter>
    </None>
    <None Include="C:\Users\hyper\workspace\bg\okgame\lib\boost\libs\unordered\include\boost\unordered\detail\foa\rw_spinlock.hpp">
      <Filter>include\boost\unordered\detail\foa</Filter>
    </None>
    <None Include="C:\Users\hyper\workspace\bg\okgame\lib\boost\libs\unordered\include\boost\unordered\detail\foa\table.hpp">
      <Filter>include\boost\unordered\detail\foa</Filter>
    </None>
    <None Include="C:\Users\hyper\workspace\bg\okgame\lib\boost\libs\unordered\include\boost\unordered\detail\foa\tuple_rotate_right.hpp">
      <Filter>include\boost\unordered\detail\foa</Filter>
    </None>
    <None Include="C:\Users\hyper\workspace\bg\okgame\lib\boost\libs\unordered\include\boost\unordered\detail\foa\types_constructibility.hpp">
      <Filter>include\boost\unordered\detail\foa</Filter>
    </None>
    <None Include="C:\Users\hyper\workspace\bg\okgame\lib\boost\libs\unordered\include\boost\unordered\detail\implementation.hpp">
      <Filter>include\boost\unordered\detail</Filter>
    </None>
    <None Include="C:\Users\hyper\workspace\bg\okgame\lib\boost\libs\unordered\include\boost\unordered\detail\map.hpp">
      <Filter>include\boost\unordered\detail</Filter>
    </None>
    <None Include="C:\Users\hyper\workspace\bg\okgame\lib\boost\libs\unordered\include\boost\unordered\detail\mulx.hpp">
      <Filter>include\boost\unordered\detail</Filter>
    </None>
    <None Include="C:\Users\hyper\workspace\bg\okgame\lib\boost\libs\unordered\include\boost\unordered\detail\narrow_cast.hpp">
      <Filter>include\boost\unordered\detail</Filter>
    </None>
    <None Include="C:\Users\hyper\workspace\bg\okgame\lib\boost\libs\unordered\include\boost\unordered\detail\opt_storage.hpp">
      <Filter>include\boost\unordered\detail</Filter>
    </None>
    <None Include="C:\Users\hyper\workspace\bg\okgame\lib\boost\libs\unordered\include\boost\unordered\detail\prime_fmod.hpp">
      <Filter>include\boost\unordered\detail</Filter>
    </None>
    <None Include="C:\Users\hyper\workspace\bg\okgame\lib\boost\libs\unordered\include\boost\unordered\detail\serialization_version.hpp">
      <Filter>include\boost\unordered\detail</Filter>
    </None>
    <None Include="C:\Users\hyper\workspace\bg\okgame\lib\boost\libs\unordered\include\boost\unordered\detail\serialize_container.hpp">
      <Filter>include\boost\unordered\detail</Filter>
    </None>
    <None Include="C:\Users\hyper\workspace\bg\okgame\lib\boost\libs\unordered\include\boost\unordered\detail\serialize_fca_container.hpp">
      <Filter>include\boost\unordered\detail</Filter>
    </None>
    <None Include="C:\Users\hyper\workspace\bg\okgame\lib\boost\libs\unordered\include\boost\unordered\detail\serialize_tracked_address.hpp">
      <Filter>include\boost\unordered\detail</Filter>
    </None>
    <None Include="C:\Users\hyper\workspace\bg\okgame\lib\boost\libs\unordered\include\boost\unordered\detail\set.hpp">
      <Filter>include\boost\unordered\detail</Filter>
    </None>
    <None Include="C:\Users\hyper\workspace\bg\okgame\lib\boost\libs\unordered\include\boost\unordered\detail\static_assert.hpp">
      <Filter>include\boost\unordered\detail</Filter>
    </None>
    <None Include="C:\Users\hyper\workspace\bg\okgame\lib\boost\libs\unordered\include\boost\unordered\detail\throw_exception.hpp">
      <Filter>include\boost\unordered\detail</Filter>
    </None>
    <None Include="C:\Users\hyper\workspace\bg\okgame\lib\boost\libs\unordered\include\boost\unordered\detail\type_traits.hpp">
      <Filter>include\boost\unordered\detail</Filter>
    </None>
    <None Include="C:\Users\hyper\workspace\bg\okgame\lib\boost\libs\unordered\include\boost\unordered\detail\unordered_printers.hpp">
      <Filter>include\boost\unordered\detail</Filter>
    </None>
    <None Include="C:\Users\hyper\workspace\bg\okgame\lib\boost\libs\unordered\include\boost\unordered\detail\xmx.hpp">
      <Filter>include\boost\unordered\detail</Filter>
    </None>
    <None Include="C:\Users\hyper\workspace\bg\okgame\lib\boost\libs\unordered\include\boost\unordered\hash_traits.hpp">
      <Filter>include\boost\unordered</Filter>
    </None>
    <None Include="C:\Users\hyper\workspace\bg\okgame\lib\boost\libs\unordered\include\boost\unordered\unordered_flat_map.hpp">
      <Filter>include\boost\unordered</Filter>
    </None>
    <None Include="C:\Users\hyper\workspace\bg\okgame\lib\boost\libs\unordered\include\boost\unordered\unordered_flat_map_fwd.hpp">
      <Filter>include\boost\unordered</Filter>
    </None>
    <None Include="C:\Users\hyper\workspace\bg\okgame\lib\boost\libs\unordered\include\boost\unordered\unordered_flat_set.hpp">
      <Filter>include\boost\unordered</Filter>
    </None>
    <None Include="C:\Users\hyper\workspace\bg\okgame\lib\boost\libs\unordered\include\boost\unordered\unordered_flat_set_fwd.hpp">
      <Filter>include\boost\unordered</Filter>
    </None>
    <None Include="C:\Users\hyper\workspace\bg\okgame\lib\boost\libs\unordered\include\boost\unordered\unordered_map.hpp">
      <Filter>include\boost\unordered</Filter>
    </None>
    <None Include="C:\Users\hyper\workspace\bg\okgame\lib\boost\libs\unordered\include\boost\unordered\unordered_map_fwd.hpp">
      <Filter>include\boost\unordered</Filter>
    </None>
    <None Include="C:\Users\hyper\workspace\bg\okgame\lib\boost\libs\unordered\include\boost\unordered\unordered_node_map.hpp">
      <Filter>include\boost\unordered</Filter>
    </None>
    <None Include="C:\Users\hyper\workspace\bg\okgame\lib\boost\libs\unordered\include\boost\unordered\unordered_node_map_fwd.hpp">
      <Filter>include\boost\unordered</Filter>
    </None>
    <None Include="C:\Users\hyper\workspace\bg\okgame\lib\boost\libs\unordered\include\boost\unordered\unordered_node_set.hpp">
      <Filter>include\boost\unordered</Filter>
    </None>
    <None Include="C:\Users\hyper\workspace\bg\okgame\lib\boost\libs\unordered\include\boost\unordered\unordered_node_set_fwd.hpp">
      <Filter>include\boost\unordered</Filter>
    </None>
    <None Include="C:\Users\hyper\workspace\bg\okgame\lib\boost\libs\unordered\include\boost\unordered\unordered_set.hpp">
      <Filter>include\boost\unordered</Filter>
    </None>
    <None Include="C:\Users\hyper\workspace\bg\okgame\lib\boost\libs\unordered\include\boost\unordered\unordered_set_fwd.hpp">
      <Filter>include\boost\unordered</Filter>
    </None>
    <None Include="C:\Users\hyper\workspace\bg\okgame\lib\boost\libs\unordered\include\boost\unordered_map.hpp">
      <Filter>include\boost</Filter>
    </None>
    <None Include="C:\Users\hyper\workspace\bg\okgame\lib\boost\libs\unordered\include\boost\unordered_set.hpp">
      <Filter>include\boost</Filter>
    </None>
  </ItemGroup>
  <ItemGroup>
    <Filter Include="extra">
      <UniqueIdentifier>{6D002639-02C5-3CE5-929F-1C7B29480BF7}</UniqueIdentifier>
    </Filter>
    <Filter Include="include">
      <UniqueIdentifier>{F0DD3A43-6A58-3680-B456-ED842E0AEFFA}</UniqueIdentifier>
    </Filter>
    <Filter Include="include\boost">
      <UniqueIdentifier>{E35E5DD0-6455-377F-BC8E-A555AB762209}</UniqueIdentifier>
    </Filter>
    <Filter Include="include\boost\unordered">
      <UniqueIdentifier>{D7771596-4088-3757-9DB0-031FB004E6FB}</UniqueIdentifier>
    </Filter>
    <Filter Include="include\boost\unordered\detail">
      <UniqueIdentifier>{608B9A01-38CE-337D-B815-65C1BC7A3D35}</UniqueIdentifier>
    </Filter>
    <Filter Include="include\boost\unordered\detail\foa">
      <UniqueIdentifier>{2C97715D-6219-308D-984B-DD9C36970B3B}</UniqueIdentifier>
    </Filter>
  </ItemGroup>
</Project>
