<?xml version="1.0" encoding="UTF-8"?>
<Solution>
	<Configurations>
		<BuildType Name="Debug"/>
		<BuildType Name="Release"/>
		<BuildType Name="MinSizeRel"/>
		<BuildType Name="RelWithDebInfo"/>
		<Platform Name="x64"/>
	</Configurations>
	<Project Path="../assert/boost_assert.vcxproj" Type="8bc9ceb8-8b4a-11d0-8d11-00a0c91bc942" Id="0dac0145-9f75-3d8e-8075-434d5b2ad58a">
		<BuildDependency Project="../../../../ZERO_CHECK.vcxproj"/>
	</Project>
	<Project Path="../container/boost_container.vcxproj" Type="8bc9ceb8-8b4a-11d0-8d11-00a0c91bc942" Id="48b42693-ecb7-30f3-98fe-d174b8e3025a">
		<BuildDependency Project="../../../../ZERO_CHECK.vcxproj"/>
		<BuildDependency Project="../assert/boost_assert.vcxproj"/>
	</Project>
	<Project Path="../core/boost_core.vcxproj" Type="8bc9ceb8-8b4a-11d0-8d11-00a0c91bc942" Id="f74c26e8-af39-3a57-96d5-ff1eaea5b17f">
		<BuildDependency Project="../../../../ZERO_CHECK.vcxproj"/>
	</Project>
	<Project Path="../optional/boost_optional.vcxproj" Type="8bc9ceb8-8b4a-11d0-8d11-00a0c91bc942" Id="7f848381-2a7a-36a1-9c2c-ba57a9fb5ef6">
		<BuildDependency Project="../../../../ZERO_CHECK.vcxproj"/>
	</Project>
	<Project Path="boost_program_options.vcxproj" Type="8bc9ceb8-8b4a-11d0-8d11-00a0c91bc942" Id="51fc4296-5461-3cf7-ba33-abab77e62398">
		<BuildDependency Project="../../../../ZERO_CHECK.vcxproj"/>
		<BuildDependency Project="../assert/boost_assert.vcxproj"/>
		<BuildDependency Project="../container/boost_container.vcxproj"/>
		<BuildDependency Project="../core/boost_core.vcxproj"/>
		<BuildDependency Project="../optional/boost_optional.vcxproj"/>
	</Project>
	<Folder Name="/CMakePredefinedTargets/">
		<Project Path="ALL_BUILD.vcxproj" Type="8bc9ceb8-8b4a-11d0-8d11-00a0c91bc942" Id="e5a47d5a-39e7-3fb8-aa62-59cd810fe2d6" DefaultStartup="true">
			<BuildDependency Project="../../../../ZERO_CHECK.vcxproj"/>
			<BuildDependency Project="boost_program_options.vcxproj"/>
		</Project>
		<Project Path="PACKAGE.vcxproj" Type="8bc9ceb8-8b4a-11d0-8d11-00a0c91bc942" Id="0e11c310-87ac-33b1-ab4c-19e1f182f13d">
			<BuildDependency Project="ALL_BUILD.vcxproj"/>
			<BuildDependency Project="../../../../ZERO_CHECK.vcxproj"/>
			<Build Solution="Debug|*" Project="false"/>
			<Build Solution="Release|*" Project="false"/>
			<Build Solution="MinSizeRel|*" Project="false"/>
			<Build Solution="RelWithDebInfo|*" Project="false"/>
		</Project>
		<Project Path="../../../../ZERO_CHECK.vcxproj" Type="8bc9ceb8-8b4a-11d0-8d11-00a0c91bc942" Id="93809ed7-2775-3f50-a396-b2f99a597836"/>
	</Folder>
</Solution>
